// !$*UTF8*$!
{
	archiveVersion = 1;
	classes = {
	};
	objectVersion = 46;
	objects = {

/* Begin PBXBuildFile section */
		050422701ED5C02600183E4F /* KEPropertyTable.swift in Sources */ = {isa = PBXBuildFile; fileRef = 0504226F1ED5C02600183E4F /* KEPropertyTable.swift */; };
		050422721ED5CEF300183E4F /* UTPropertyTable.swift in Sources */ = {isa = PBXBuildFile; fileRef = 050422711ED5CEF300183E4F /* UTPropertyTable.swift */; };
		0507B1751BA41B860048D325 /* Canary.framework in Frameworks */ = {isa = PBXBuildFile; fileRef = 0507B1731BA41B860048D325 /* Canary.framework */; };
		0507B1771BA41B9A0048D325 /* KiwiEngine.framework in Frameworks */ = {isa = PBXBuildFile; fileRef = 0507B1761BA41B9A0048D325 /* KiwiEngine.framework */; };
		0507B1871BA41DB90048D325 /* UnitTestExec in CopyFiles */ = {isa = PBXBuildFile; fileRef = 058B53231BA41A6C009522DF /* UnitTestExec */; settings = {ATTRIBUTES = (CodeSignOnCopy, ); }; };
		052B0F7A1BE8A3A400E3BFEE /* UTObject.swift in Sources */ = {isa = PBXBuildFile; fileRef = 052B0F781BE8A33400E3BFEE /* UTObject.swift */; };
		054536C61B78021500FE978C /* KiwiEngine.h in Headers */ = {isa = PBXBuildFile; fileRef = 054536C51B78021500FE978C /* KiwiEngine.h */; settings = {ATTRIBUTES = (Public, ); }; };
		054637F21BB05FE400DEE12F /* UTError.swift in Sources */ = {isa = PBXBuildFile; fileRef = 054637F01BB05F4500DEE12F /* UTError.swift */; };
		057F881F1B78031B0029AB4F /* KEContext.swift in Sources */ = {isa = PBXBuildFile; fileRef = 057F881E1B78031B0029AB4F /* KEContext.swift */; };
		057F88231B780B4A0029AB4F /* KEEngine.swift in Sources */ = {isa = PBXBuildFile; fileRef = 057F88221B780B4A0029AB4F /* KEEngine.swift */; };
		058B53261BA41A6C009522DF /* main.swift in Sources */ = {isa = PBXBuildFile; fileRef = 058B53251BA41A6C009522DF /* main.swift */; };
		05CF6D7B1BA41F9700BD9D91 /* KiwiEngine.framework in CopyFiles */ = {isa = PBXBuildFile; fileRef = 05CF6D7A1BA41F9700BD9D91 /* KiwiEngine.framework */; settings = {ATTRIBUTES = (CodeSignOnCopy, RemoveHeadersOnCopy, ); }; };
		05CF6D7D1BA41FCF00BD9D91 /* Canary.framework in CopyFiles */ = {isa = PBXBuildFile; fileRef = 05CF6D7C1BA41FCF00BD9D91 /* Canary.framework */; settings = {ATTRIBUTES = (CodeSignOnCopy, RemoveHeadersOnCopy, ); }; };
		05DA9F861BA3E2AE0027EA25 /* Canary.framework in Frameworks */ = {isa = PBXBuildFile; fileRef = 05DA9F851BA3E2AE0027EA25 /* Canary.framework */; };
/* End PBXBuildFile section */

/* Begin PBXContainerItemProxy section */
		0507B1841BA41D8F0048D325 /* PBXContainerItemProxy */ = {
			isa = PBXContainerItemProxy;
			containerPortal = 054536B71B78021500FE978C /* Project object */;
			proxyType = 1;
			remoteGlobalIDString = 058B53221BA41A6C009522DF;
			remoteInfo = UnitTestExec;
		};
		058B532A1BA41A79009522DF /* PBXContainerItemProxy */ = {
			isa = PBXContainerItemProxy;
			containerPortal = 054536B71B78021500FE978C /* Project object */;
			proxyType = 1;
			remoteGlobalIDString = 05DCE6171B784305005E9D53;
			remoteInfo = Install;
		};
		05B40EEB1BE5A41500AA8525 /* PBXContainerItemProxy */ = {
			isa = PBXContainerItemProxy;
			containerPortal = 054536B71B78021500FE978C /* Project object */;
			proxyType = 1;
			remoteGlobalIDString = 0507B17D1BA41D850048D325;
			remoteInfo = UnitTest;
		};
		05DCE61B1B78430D005E9D53 /* PBXContainerItemProxy */ = {
			isa = PBXContainerItemProxy;
			containerPortal = 054536B71B78021500FE978C /* Project object */;
			proxyType = 1;
			remoteGlobalIDString = 054536BF1B78021500FE978C;
			remoteInfo = KiwiEngine;
		};
/* End PBXContainerItemProxy section */

/* Begin PBXCopyFilesBuildPhase section */
		0507B1861BA41DAC0048D325 /* CopyFiles */ = {
			isa = PBXCopyFilesBuildPhase;
			buildActionMask = 2147483647;
			dstPath = "";
			dstSubfolderSpec = 6;
			files = (
				0507B1871BA41DB90048D325 /* UnitTestExec in CopyFiles */,
			);
			runOnlyForDeploymentPostprocessing = 0;
		};
		0507B1881BA41DC40048D325 /* CopyFiles */ = {
			isa = PBXCopyFilesBuildPhase;
			buildActionMask = 2147483647;
			dstPath = "";
			dstSubfolderSpec = 10;
			files = (
				05CF6D7D1BA41FCF00BD9D91 /* Canary.framework in CopyFiles */,
				05CF6D7B1BA41F9700BD9D91 /* KiwiEngine.framework in CopyFiles */,
			);
			runOnlyForDeploymentPostprocessing = 0;
		};
		058B53211BA41A6C009522DF /* CopyFiles */ = {
			isa = PBXCopyFilesBuildPhase;
			buildActionMask = 2147483647;
			dstPath = /usr/share/man/man1/;
			dstSubfolderSpec = 0;
			files = (
			);
			runOnlyForDeploymentPostprocessing = 1;
		};
/* End PBXCopyFilesBuildPhase section */

/* Begin PBXFileReference section */
		0504226F1ED5C02600183E4F /* KEPropertyTable.swift */ = {isa = PBXFileReference; fileEncoding = 4; lastKnownFileType = sourcecode.swift; path = KEPropertyTable.swift; sourceTree = "<group>"; };
		050422711ED5CEF300183E4F /* UTPropertyTable.swift */ = {isa = PBXFileReference; fileEncoding = 4; lastKnownFileType = sourcecode.swift; path = UTPropertyTable.swift; sourceTree = "<group>"; };
		0507B1731BA41B860048D325 /* Canary.framework */ = {isa = PBXFileReference; lastKnownFileType = wrapper.framework; name = Canary.framework; path = ../../../../Library/Frameworks/Canary.framework; sourceTree = "<group>"; };
		0507B1761BA41B9A0048D325 /* KiwiEngine.framework */ = {isa = PBXFileReference; lastKnownFileType = wrapper.framework; name = KiwiEngine.framework; path = ../../../../Library/Frameworks/KiwiEngine.framework; sourceTree = "<group>"; };
		0507B17E1BA41D850048D325 /* UnitTest.bundle */ = {isa = PBXFileReference; explicitFileType = wrapper.cfbundle; includeInIndex = 0; path = UnitTest.bundle; sourceTree = BUILT_PRODUCTS_DIR; };
		052B0F781BE8A33400E3BFEE /* UTObject.swift */ = {isa = PBXFileReference; fileEncoding = 4; lastKnownFileType = sourcecode.swift; path = UTObject.swift; sourceTree = "<group>"; };
		054536C01B78021500FE978C /* KiwiEngine.framework */ = {isa = PBXFileReference; explicitFileType = wrapper.framework; includeInIndex = 0; path = KiwiEngine.framework; sourceTree = BUILT_PRODUCTS_DIR; };
		054536C41B78021500FE978C /* Info.plist */ = {isa = PBXFileReference; lastKnownFileType = text.plist.xml; path = Info.plist; sourceTree = SOURCE_ROOT; };
		054536C51B78021500FE978C /* KiwiEngine.h */ = {isa = PBXFileReference; lastKnownFileType = sourcecode.c.h; path = KiwiEngine.h; sourceTree = SOURCE_ROOT; };
		054637F01BB05F4500DEE12F /* UTError.swift */ = {isa = PBXFileReference; fileEncoding = 4; lastKnownFileType = sourcecode.swift; path = UTError.swift; sourceTree = "<group>"; };
		057F881E1B78031B0029AB4F /* KEContext.swift */ = {isa = PBXFileReference; fileEncoding = 4; lastKnownFileType = sourcecode.swift; path = KEContext.swift; sourceTree = "<group>"; };
		057F88221B780B4A0029AB4F /* KEEngine.swift */ = {isa = PBXFileReference; fileEncoding = 4; lastKnownFileType = sourcecode.swift; path = KEEngine.swift; sourceTree = "<group>"; };
		058B53231BA41A6C009522DF /* UnitTestExec */ = {isa = PBXFileReference; explicitFileType = "compiled.mach-o.executable"; includeInIndex = 0; path = UnitTestExec; sourceTree = BUILT_PRODUCTS_DIR; };
		058B53251BA41A6C009522DF /* main.swift */ = {isa = PBXFileReference; lastKnownFileType = sourcecode.swift; path = main.swift; sourceTree = "<group>"; };
		05B40EED1BE5A4AE00AA8525 /* check.mk */ = {isa = PBXFileReference; fileEncoding = 4; lastKnownFileType = text; path = check.mk; sourceTree = SOURCE_ROOT; };
		05CF6D761BA41EF000BD9D91 /* Info.plist */ = {isa = PBXFileReference; fileEncoding = 4; lastKnownFileType = text.plist.xml; path = Info.plist; sourceTree = "<group>"; };
		05CF6D7A1BA41F9700BD9D91 /* KiwiEngine.framework */ = {isa = PBXFileReference; lastKnownFileType = wrapper.framework; name = KiwiEngine.framework; path = /Users/tomoo/Library/Frameworks/KiwiEngine.framework; sourceTree = "<absolute>"; };
		05CF6D7C1BA41FCF00BD9D91 /* Canary.framework */ = {isa = PBXFileReference; lastKnownFileType = wrapper.framework; name = Canary.framework; path = /Users/tomoo/Library/Frameworks/Canary.framework; sourceTree = "<absolute>"; };
		05DA9F851BA3E2AE0027EA25 /* Canary.framework */ = {isa = PBXFileReference; lastKnownFileType = wrapper.framework; name = Canary.framework; path = ../../../../Library/Frameworks/Canary.framework; sourceTree = "<group>"; };
/* End PBXFileReference section */

/* Begin PBXFrameworksBuildPhase section */
		0507B17B1BA41D850048D325 /* Frameworks */ = {
			isa = PBXFrameworksBuildPhase;
			buildActionMask = 2147483647;
			files = (
			);
			runOnlyForDeploymentPostprocessing = 0;
		};
		054536BC1B78021500FE978C /* Frameworks */ = {
			isa = PBXFrameworksBuildPhase;
			buildActionMask = 2147483647;
			files = (
				05DA9F861BA3E2AE0027EA25 /* Canary.framework in Frameworks */,
			);
			runOnlyForDeploymentPostprocessing = 0;
		};
		058B53201BA41A6C009522DF /* Frameworks */ = {
			isa = PBXFrameworksBuildPhase;
			buildActionMask = 2147483647;
			files = (
				0507B1771BA41B9A0048D325 /* KiwiEngine.framework in Frameworks */,
				0507B1751BA41B860048D325 /* Canary.framework in Frameworks */,
			);
			runOnlyForDeploymentPostprocessing = 0;
		};
/* End PBXFrameworksBuildPhase section */

/* Begin PBXGroup section */
		050167441B78471900B15C80 /* UnitTest */ = {
			isa = PBXGroup;
			children = (
				05CF6D751BA41ECE00BD9D91 /* UnitTestBundle */,
				058B53241BA41A6C009522DF /* UnitTestExec */,
				0508102F1BA414EA00124406 /* Supporting Files */,
			);
			name = UnitTest;
			path = ../UnitTest;
			sourceTree = SOURCE_ROOT;
		};
		0508102F1BA414EA00124406 /* Supporting Files */ = {
			isa = PBXGroup;
			children = (
				0507B1761BA41B9A0048D325 /* KiwiEngine.framework */,
				0507B1731BA41B860048D325 /* Canary.framework */,
			);
			name = "Supporting Files";
			sourceTree = "<group>";
		};
		054536B61B78021500FE978C = {
			isa = PBXGroup;
			children = (
				054536C21B78021500FE978C /* Source */,
				050167441B78471900B15C80 /* UnitTest */,
				054536C11B78021500FE978C /* Products */,
			);
			sourceTree = "<group>";
		};
		054536C11B78021500FE978C /* Products */ = {
			isa = PBXGroup;
			children = (
				054536C01B78021500FE978C /* KiwiEngine.framework */,
				058B53231BA41A6C009522DF /* UnitTestExec */,
				0507B17E1BA41D850048D325 /* UnitTest.bundle */,
			);
			name = Products;
			sourceTree = "<group>";
		};
		054536C21B78021500FE978C /* Source */ = {
			isa = PBXGroup;
			children = (
				054536C51B78021500FE978C /* KiwiEngine.h */,
				057F881E1B78031B0029AB4F /* KEContext.swift */,
				057F88221B780B4A0029AB4F /* KEEngine.swift */,
				0504226F1ED5C02600183E4F /* KEPropertyTable.swift */,
				054536C31B78021500FE978C /* Supporting Files */,
			);
			name = Source;
			path = ../Source;
			sourceTree = SOURCE_ROOT;
		};
		054536C31B78021500FE978C /* Supporting Files */ = {
			isa = PBXGroup;
			children = (
				05DA9F851BA3E2AE0027EA25 /* Canary.framework */,
				054536C41B78021500FE978C /* Info.plist */,
			);
			name = "Supporting Files";
			sourceTree = "<group>";
		};
		058B53241BA41A6C009522DF /* UnitTestExec */ = {
			isa = PBXGroup;
			children = (
				05B40EED1BE5A4AE00AA8525 /* check.mk */,
				058B53251BA41A6C009522DF /* main.swift */,
				054637F01BB05F4500DEE12F /* UTError.swift */,
				052B0F781BE8A33400E3BFEE /* UTObject.swift */,
				050422711ED5CEF300183E4F /* UTPropertyTable.swift */,
			);
			path = UnitTestExec;
			sourceTree = "<group>";
		};
		05CF6D751BA41ECE00BD9D91 /* UnitTestBundle */ = {
			isa = PBXGroup;
			children = (
				05CF6D7C1BA41FCF00BD9D91 /* Canary.framework */,
				05CF6D7A1BA41F9700BD9D91 /* KiwiEngine.framework */,
				05CF6D761BA41EF000BD9D91 /* Info.plist */,
			);
			path = UnitTestBundle;
			sourceTree = "<group>";
		};
/* End PBXGroup section */

/* Begin PBXHeadersBuildPhase section */
		054536BD1B78021500FE978C /* Headers */ = {
			isa = PBXHeadersBuildPhase;
			buildActionMask = 2147483647;
			files = (
				054536C61B78021500FE978C /* KiwiEngine.h in Headers */,
			);
			runOnlyForDeploymentPostprocessing = 0;
		};
/* End PBXHeadersBuildPhase section */

/* Begin PBXLegacyTarget section */
		05B40EE71BE5A40800AA8525 /* Check */ = {
			isa = PBXLegacyTarget;
			buildArgumentsString = "-f check.mk";
			buildConfigurationList = 05B40EE81BE5A40800AA8525 /* Build configuration list for PBXLegacyTarget "Check" */;
			buildPhases = (
			);
			buildToolPath = /usr/bin/make;
			buildWorkingDirectory = "";
			dependencies = (
				05B40EEC1BE5A41500AA8525 /* PBXTargetDependency */,
			);
			name = Check;
			passBuildSettingsInEnvironment = 1;
			productName = Check;
		};
		05DCE6171B784305005E9D53 /* Install */ = {
			isa = PBXLegacyTarget;
			buildArgumentsString = "-f ../../Script/install_osx.mk";
			buildConfigurationList = 05DCE61A1B784305005E9D53 /* Build configuration list for PBXLegacyTarget "Install" */;
			buildPhases = (
			);
			buildToolPath = /usr/bin/make;
			buildWorkingDirectory = "";
			dependencies = (
				05DCE61C1B78430D005E9D53 /* PBXTargetDependency */,
			);
			name = Install;
			passBuildSettingsInEnvironment = 1;
			productName = Install;
		};
/* End PBXLegacyTarget section */

/* Begin PBXNativeTarget section */
		0507B17D1BA41D850048D325 /* UnitTest */ = {
			isa = PBXNativeTarget;
			buildConfigurationList = 0507B1811BA41D850048D325 /* Build configuration list for PBXNativeTarget "UnitTest" */;
			buildPhases = (
				0507B17A1BA41D850048D325 /* Sources */,
				0507B17B1BA41D850048D325 /* Frameworks */,
				0507B17C1BA41D850048D325 /* Resources */,
				0507B1861BA41DAC0048D325 /* CopyFiles */,
				0507B1881BA41DC40048D325 /* CopyFiles */,
			);
			buildRules = (
			);
			dependencies = (
				0507B1851BA41D8F0048D325 /* PBXTargetDependency */,
			);
			name = UnitTest;
			productName = UnitTest;
			productReference = 0507B17E1BA41D850048D325 /* UnitTest.bundle */;
			productType = "com.apple.product-type.bundle";
		};
		054536BF1B78021500FE978C /* KiwiEngine */ = {
			isa = PBXNativeTarget;
			buildConfigurationList = 054536D61B78021500FE978C /* Build configuration list for PBXNativeTarget "KiwiEngine" */;
			buildPhases = (
				054536BB1B78021500FE978C /* Sources */,
				054536BC1B78021500FE978C /* Frameworks */,
				054536BD1B78021500FE978C /* Headers */,
				054536BE1B78021500FE978C /* Resources */,
			);
			buildRules = (
			);
			dependencies = (
			);
			name = KiwiEngine;
			productName = KiwiEngine;
			productReference = 054536C01B78021500FE978C /* KiwiEngine.framework */;
			productType = "com.apple.product-type.framework";
		};
		058B53221BA41A6C009522DF /* UnitTestExec */ = {
			isa = PBXNativeTarget;
			buildConfigurationList = 058B53271BA41A6C009522DF /* Build configuration list for PBXNativeTarget "UnitTestExec" */;
			buildPhases = (
				058B531F1BA41A6C009522DF /* Sources */,
				058B53201BA41A6C009522DF /* Frameworks */,
				058B53211BA41A6C009522DF /* CopyFiles */,
			);
			buildRules = (
			);
			dependencies = (
				058B532B1BA41A79009522DF /* PBXTargetDependency */,
			);
			name = UnitTestExec;
			productName = UnitTest;
			productReference = 058B53231BA41A6C009522DF /* UnitTestExec */;
			productType = "com.apple.product-type.tool";
		};
/* End PBXNativeTarget section */

/* Begin PBXProject section */
		054536B71B78021500FE978C /* Project object */ = {
			isa = PBXProject;
			attributes = {
				LastSwiftUpdateCheck = 0700;
				LastUpgradeCheck = 0830;
				ORGANIZATIONNAME = "Steel Wheels Project";
				TargetAttributes = {
					0507B17D1BA41D850048D325 = {
						CreatedOnToolsVersion = 7.0;
					};
					054536BF1B78021500FE978C = {
						CreatedOnToolsVersion = 6.4;
					};
					058B53221BA41A6C009522DF = {
						CreatedOnToolsVersion = 7.0;
					};
					05B40EE71BE5A40800AA8525 = {
						CreatedOnToolsVersion = 7.1;
					};
					05DCE6171B784305005E9D53 = {
						CreatedOnToolsVersion = 6.4;
					};
				};
			};
			buildConfigurationList = 054536BA1B78021500FE978C /* Build configuration list for PBXProject "KiwiEngine" */;
			compatibilityVersion = "Xcode 3.2";
			developmentRegion = English;
			hasScannedForEncodings = 0;
			knownRegions = (
				en,
				Base,
			);
			mainGroup = 054536B61B78021500FE978C;
			productRefGroup = 054536C11B78021500FE978C /* Products */;
			projectDirPath = "";
			projectRoot = "";
			targets = (
				054536BF1B78021500FE978C /* KiwiEngine */,
				05DCE6171B784305005E9D53 /* Install */,
				058B53221BA41A6C009522DF /* UnitTestExec */,
				0507B17D1BA41D850048D325 /* UnitTest */,
				05B40EE71BE5A40800AA8525 /* Check */,
			);
		};
/* End PBXProject section */

/* Begin PBXResourcesBuildPhase section */
		0507B17C1BA41D850048D325 /* Resources */ = {
			isa = PBXResourcesBuildPhase;
			buildActionMask = 2147483647;
			files = (
			);
			runOnlyForDeploymentPostprocessing = 0;
		};
		054536BE1B78021500FE978C /* Resources */ = {
			isa = PBXResourcesBuildPhase;
			buildActionMask = 2147483647;
			files = (
			);
			runOnlyForDeploymentPostprocessing = 0;
		};
/* End PBXResourcesBuildPhase section */

/* Begin PBXSourcesBuildPhase section */
		0507B17A1BA41D850048D325 /* Sources */ = {
			isa = PBXSourcesBuildPhase;
			buildActionMask = 2147483647;
			files = (
			);
			runOnlyForDeploymentPostprocessing = 0;
		};
		054536BB1B78021500FE978C /* Sources */ = {
			isa = PBXSourcesBuildPhase;
			buildActionMask = 2147483647;
			files = (
				050422701ED5C02600183E4F /* KEPropertyTable.swift in Sources */,
				057F88231B780B4A0029AB4F /* KEEngine.swift in Sources */,
				057F881F1B78031B0029AB4F /* KEContext.swift in Sources */,
			);
			runOnlyForDeploymentPostprocessing = 0;
		};
		058B531F1BA41A6C009522DF /* Sources */ = {
			isa = PBXSourcesBuildPhase;
			buildActionMask = 2147483647;
			files = (
				054637F21BB05FE400DEE12F /* UTError.swift in Sources */,
				052B0F7A1BE8A3A400E3BFEE /* UTObject.swift in Sources */,
				050422721ED5CEF300183E4F /* UTPropertyTable.swift in Sources */,
				058B53261BA41A6C009522DF /* main.swift in Sources */,
			);
			runOnlyForDeploymentPostprocessing = 0;
		};
/* End PBXSourcesBuildPhase section */

/* Begin PBXTargetDependency section */
		0507B1851BA41D8F0048D325 /* PBXTargetDependency */ = {
			isa = PBXTargetDependency;
			target = 058B53221BA41A6C009522DF /* UnitTestExec */;
			targetProxy = 0507B1841BA41D8F0048D325 /* PBXContainerItemProxy */;
		};
		058B532B1BA41A79009522DF /* PBXTargetDependency */ = {
			isa = PBXTargetDependency;
			target = 05DCE6171B784305005E9D53 /* Install */;
			targetProxy = 058B532A1BA41A79009522DF /* PBXContainerItemProxy */;
		};
		05B40EEC1BE5A41500AA8525 /* PBXTargetDependency */ = {
			isa = PBXTargetDependency;
			target = 0507B17D1BA41D850048D325 /* UnitTest */;
			targetProxy = 05B40EEB1BE5A41500AA8525 /* PBXContainerItemProxy */;
		};
		05DCE61C1B78430D005E9D53 /* PBXTargetDependency */ = {
			isa = PBXTargetDependency;
			target = 054536BF1B78021500FE978C /* KiwiEngine */;
			targetProxy = 05DCE61B1B78430D005E9D53 /* PBXContainerItemProxy */;
		};
/* End PBXTargetDependency section */

/* Begin XCBuildConfiguration section */
		0507B1821BA41D850048D325 /* Debug */ = {
			isa = XCBuildConfiguration;
			buildSettings = {
				ALWAYS_EMBED_SWIFT_STANDARD_LIBRARIES = YES;
				COMBINE_HIDPI_IMAGES = YES;
				GCC_OPTIMIZATION_LEVEL = 0;
				INFOPLIST_FILE = ../UnitTest/UnitTestBundle/Info.plist;
				INSTALL_PATH = "$(LOCAL_LIBRARY_DIR)/Bundles";
				PRODUCT_BUNDLE_IDENTIFIER = "steel-wheels-project.UnitTest";
				PRODUCT_NAME = "$(TARGET_NAME)";
				SKIP_INSTALL = YES;
				WRAPPER_EXTENSION = bundle;
			};
			name = Debug;
		};
		0507B1831BA41D850048D325 /* Release */ = {
			isa = XCBuildConfiguration;
			buildSettings = {
				ALWAYS_EMBED_SWIFT_STANDARD_LIBRARIES = YES;
				COMBINE_HIDPI_IMAGES = YES;
				INFOPLIST_FILE = ../UnitTest/UnitTestBundle/Info.plist;
				INSTALL_PATH = "$(LOCAL_LIBRARY_DIR)/Bundles";
				PRODUCT_BUNDLE_IDENTIFIER = "steel-wheels-project.UnitTest";
				PRODUCT_NAME = "$(TARGET_NAME)";
				SKIP_INSTALL = YES;
				WRAPPER_EXTENSION = bundle;
			};
			name = Release;
		};
		054536D41B78021500FE978C /* Debug */ = {
			isa = XCBuildConfiguration;
			buildSettings = {
				ALWAYS_SEARCH_USER_PATHS = NO;
				CLANG_CXX_LANGUAGE_STANDARD = "gnu++0x";
				CLANG_CXX_LIBRARY = "libc++";
				CLANG_ENABLE_MODULES = YES;
				CLANG_ENABLE_OBJC_ARC = YES;
				CLANG_WARN_BOOL_CONVERSION = YES;
				CLANG_WARN_CONSTANT_CONVERSION = YES;
				CLANG_WARN_DIRECT_OBJC_ISA_USAGE = YES_ERROR;
				CLANG_WARN_EMPTY_BODY = YES;
				CLANG_WARN_ENUM_CONVERSION = YES;
				CLANG_WARN_INFINITE_RECURSION = YES;
				CLANG_WARN_INT_CONVERSION = YES;
				CLANG_WARN_OBJC_ROOT_CLASS = YES_ERROR;
				CLANG_WARN_SUSPICIOUS_MOVE = YES;
				CLANG_WARN_UNREACHABLE_CODE = YES;
				CLANG_WARN__DUPLICATE_METHOD_MATCH = YES;
				COPY_PHASE_STRIP = NO;
				CURRENT_PROJECT_VERSION = 1;
				DEBUG_INFORMATION_FORMAT = dwarf;
				ENABLE_STRICT_OBJC_MSGSEND = YES;
				ENABLE_TESTABILITY = YES;
				GCC_C_LANGUAGE_STANDARD = gnu99;
				GCC_DYNAMIC_NO_PIC = NO;
				GCC_NO_COMMON_BLOCKS = YES;
				GCC_OPTIMIZATION_LEVEL = 2;
				GCC_PREPROCESSOR_DEFINITIONS = (
					"DEBUG=1",
					"$(inherited)",
				);
				GCC_SYMBOLS_PRIVATE_EXTERN = NO;
				GCC_WARN_64_TO_32_BIT_CONVERSION = YES;
				GCC_WARN_ABOUT_RETURN_TYPE = YES_ERROR;
				GCC_WARN_UNDECLARED_SELECTOR = YES;
				GCC_WARN_UNINITIALIZED_AUTOS = YES_AGGRESSIVE;
				GCC_WARN_UNUSED_FUNCTION = YES;
				GCC_WARN_UNUSED_VARIABLE = YES;
				MACOSX_DEPLOYMENT_TARGET = 10.10;
				MTL_ENABLE_DEBUG_INFO = YES;
				ONLY_ACTIVE_ARCH = YES;
				SDKROOT = macosx;
				SWIFT_OPTIMIZATION_LEVEL = "-Onone";
				VERSIONING_SYSTEM = "apple-generic";
				VERSION_INFO_PREFIX = "";
			};
			name = Debug;
		};
		054536D51B78021500FE978C /* Release */ = {
			isa = XCBuildConfiguration;
			buildSettings = {
				ALWAYS_SEARCH_USER_PATHS = NO;
				CLANG_CXX_LANGUAGE_STANDARD = "gnu++0x";
				CLANG_CXX_LIBRARY = "libc++";
				CLANG_ENABLE_MODULES = YES;
				CLANG_ENABLE_OBJC_ARC = YES;
				CLANG_WARN_BOOL_CONVERSION = YES;
				CLANG_WARN_CONSTANT_CONVERSION = YES;
				CLANG_WARN_DIRECT_OBJC_ISA_USAGE = YES_ERROR;
				CLANG_WARN_EMPTY_BODY = YES;
				CLANG_WARN_ENUM_CONVERSION = YES;
				CLANG_WARN_INFINITE_RECURSION = YES;
				CLANG_WARN_INT_CONVERSION = YES;
				CLANG_WARN_OBJC_ROOT_CLASS = YES_ERROR;
				CLANG_WARN_SUSPICIOUS_MOVE = YES;
				CLANG_WARN_UNREACHABLE_CODE = YES;
				CLANG_WARN__DUPLICATE_METHOD_MATCH = YES;
				COPY_PHASE_STRIP = NO;
				CURRENT_PROJECT_VERSION = 1;
				DEBUG_INFORMATION_FORMAT = "dwarf-with-dsym";
				ENABLE_NS_ASSERTIONS = NO;
				ENABLE_STRICT_OBJC_MSGSEND = YES;
				GCC_C_LANGUAGE_STANDARD = gnu99;
				GCC_NO_COMMON_BLOCKS = YES;
				GCC_OPTIMIZATION_LEVEL = 2;
				GCC_WARN_64_TO_32_BIT_CONVERSION = YES;
				GCC_WARN_ABOUT_RETURN_TYPE = YES_ERROR;
				GCC_WARN_UNDECLARED_SELECTOR = YES;
				GCC_WARN_UNINITIALIZED_AUTOS = YES_AGGRESSIVE;
				GCC_WARN_UNUSED_FUNCTION = YES;
				GCC_WARN_UNUSED_VARIABLE = YES;
				MACOSX_DEPLOYMENT_TARGET = 10.10;
				MTL_ENABLE_DEBUG_INFO = NO;
				SDKROOT = macosx;
				SWIFT_OPTIMIZATION_LEVEL = "-Owholemodule";
				VERSIONING_SYSTEM = "apple-generic";
				VERSION_INFO_PREFIX = "";
			};
			name = Release;
		};
		054536D71B78021500FE978C /* Debug */ = {
			isa = XCBuildConfiguration;
			buildSettings = {
				CLANG_ENABLE_MODULES = YES;
				COMBINE_HIDPI_IMAGES = YES;
				DEFINES_MODULE = YES;
				DYLIB_COMPATIBILITY_VERSION = 1;
				DYLIB_CURRENT_VERSION = 1;
				DYLIB_INSTALL_NAME_BASE = "@rpath";
				FRAMEWORK_SEARCH_PATHS = (
					"$(inherited)",
					"$(USER_LIBRARY_DIR)/Frameworks",
				);
				FRAMEWORK_VERSION = A;
				GCC_TREAT_WARNINGS_AS_ERRORS = YES;
				INFOPLIST_FILE = Info.plist;
				INSTALL_PATH = "$(HOME)/Library/Frameworks";
				LD_RUNPATH_SEARCH_PATHS = "$(inherited) @executable_path/../Frameworks @loader_path/Frameworks";
				MACOSX_DEPLOYMENT_TARGET = 10.11;
				PRODUCT_BUNDLE_IDENTIFIER = "steel-wheels-project.$(PRODUCT_NAME:rfc1034identifier)";
				PRODUCT_NAME = "$(TARGET_NAME)";
				SKIP_INSTALL = NO;
				SWIFT_OBJC_BRIDGING_HEADER = "";
				SWIFT_OPTIMIZATION_LEVEL = "-O";
				SWIFT_TREAT_WARNINGS_AS_ERRORS = YES;
				SWIFT_VERSION = 3.0;
			};
			name = Debug;
		};
		054536D81B78021500FE978C /* Release */ = {
			isa = XCBuildConfiguration;
			buildSettings = {
				CLANG_ENABLE_MODULES = YES;
				COMBINE_HIDPI_IMAGES = YES;
				DEFINES_MODULE = YES;
				DYLIB_COMPATIBILITY_VERSION = 1;
				DYLIB_CURRENT_VERSION = 1;
				DYLIB_INSTALL_NAME_BASE = "@rpath";
				FRAMEWORK_SEARCH_PATHS = (
					"$(inherited)",
					"$(USER_LIBRARY_DIR)/Frameworks",
				);
				FRAMEWORK_VERSION = A;
				GCC_TREAT_WARNINGS_AS_ERRORS = YES;
				INFOPLIST_FILE = Info.plist;
				INSTALL_PATH = "$(HOME)/Library/Frameworks";
				LD_RUNPATH_SEARCH_PATHS = "$(inherited) @executable_path/../Frameworks @loader_path/Frameworks";
				MACOSX_DEPLOYMENT_TARGET = 10.11;
				PRODUCT_BUNDLE_IDENTIFIER = "steel-wheels-project.$(PRODUCT_NAME:rfc1034identifier)";
				PRODUCT_NAME = "$(TARGET_NAME)";
				SKIP_INSTALL = NO;
				SWIFT_OBJC_BRIDGING_HEADER = "";
				SWIFT_OPTIMIZATION_LEVEL = "-Owholemodule";
				SWIFT_TREAT_WARNINGS_AS_ERRORS = YES;
				SWIFT_VERSION = 3.0;
			};
			name = Release;
		};
		058B53281BA41A6C009522DF /* Debug */ = {
			isa = XCBuildConfiguration;
			buildSettings = {
				FRAMEWORK_SEARCH_PATHS = (
					"$(inherited)",
					"$(USER_LIBRARY_DIR)/Frameworks",
				);
				GCC_OPTIMIZATION_LEVEL = 2;
				GCC_TREAT_WARNINGS_AS_ERRORS = YES;
				LD_RUNPATH_SEARCH_PATHS = "$(inherited) @executable_path/../Frameworks @executable_path/UnitTest.bundle/Contents/Frameworks";
				MACOSX_DEPLOYMENT_TARGET = 10.11;
				PRODUCT_NAME = "$(TARGET_NAME)";
				SWIFT_OPTIMIZATION_LEVEL = "-O";
				SWIFT_TREAT_WARNINGS_AS_ERRORS = YES;
				SWIFT_VERSION = 3.0;
			};
			name = Debug;
		};
		058B53291BA41A6C009522DF /* Release */ = {
			isa = XCBuildConfiguration;
			buildSettings = {
				FRAMEWORK_SEARCH_PATHS = (
					"$(inherited)",
					"$(USER_LIBRARY_DIR)/Frameworks",
				);
				GCC_OPTIMIZATION_LEVEL = 2;
				GCC_TREAT_WARNINGS_AS_ERRORS = YES;
				LD_RUNPATH_SEARCH_PATHS = "$(inherited) @executable_path/../Frameworks @executable_path/UnitTest.bundle/Contents/Frameworks";
				MACOSX_DEPLOYMENT_TARGET = 10.11;
				PRODUCT_NAME = "$(TARGET_NAME)";
				SWIFT_OPTIMIZATION_LEVEL = "-Owholemodule";
				SWIFT_TREAT_WARNINGS_AS_ERRORS = YES;
				SWIFT_VERSION = 3.0;
			};
			name = Release;
		};
		05B40EE91BE5A40800AA8525 /* Debug */ = {
			isa = XCBuildConfiguration;
			buildSettings = {
				DEBUGGING_SYMBOLS = YES;
				DEBUG_INFORMATION_FORMAT = dwarf;
				GCC_GENERATE_DEBUGGING_SYMBOLS = YES;
				GCC_OPTIMIZATION_LEVEL = 0;
				OTHER_CFLAGS = "";
				OTHER_LDFLAGS = "";
				PRODUCT_NAME = "$(TARGET_NAME)";
			};
			name = Debug;
		};
		05B40EEA1BE5A40800AA8525 /* Release */ = {
			isa = XCBuildConfiguration;
			buildSettings = {
				DEBUG_INFORMATION_FORMAT = "dwarf-with-dsym";
				OTHER_CFLAGS = "";
				OTHER_LDFLAGS = "";
				PRODUCT_NAME = "$(TARGET_NAME)";
			};
			name = Release;
		};
		05DCE6181B784305005E9D53 /* Debug */ = {
			isa = XCBuildConfiguration;
			buildSettings = {
				DEBUGGING_SYMBOLS = YES;
				GCC_GENERATE_DEBUGGING_SYMBOLS = YES;
				GCC_OPTIMIZATION_LEVEL = 0;
				GCC_PREPROCESSOR_DEFINITIONS = (
					"DEBUG=1",
					"$(inherited)",
				);
				OTHER_CFLAGS = "";
				OTHER_LDFLAGS = "";
				PRODUCT_NAME = "$(TARGET_NAME)";
			};
			name = Debug;
		};
		05DCE6191B784305005E9D53 /* Release */ = {
			isa = XCBuildConfiguration;
			buildSettings = {
				OTHER_CFLAGS = "";
				OTHER_LDFLAGS = "";
				PRODUCT_NAME = "$(TARGET_NAME)";
			};
			name = Release;
		};
/* End XCBuildConfiguration section */

/* Begin XCConfigurationList section */
		0507B1811BA41D850048D325 /* Build configuration list for PBXNativeTarget "UnitTest" */ = {
			isa = XCConfigurationList;
			buildConfigurations = (
				0507B1821BA41D850048D325 /* Debug */,
				0507B1831BA41D850048D325 /* Release */,
			);
			defaultConfigurationIsVisible = 0;
			defaultConfigurationName = Release;
		};
		054536BA1B78021500FE978C /* Build configuration list for PBXProject "KiwiEngine" */ = {
			isa = XCConfigurationList;
			buildConfigurations = (
				054536D41B78021500FE978C /* Debug */,
				054536D51B78021500FE978C /* Release */,
			);
			defaultConfigurationIsVisible = 0;
			defaultConfigurationName = Release;
		};
		054536D61B78021500FE978C /* Build configuration list for PBXNativeTarget "KiwiEngine" */ = {
			isa = XCConfigurationList;
			buildConfigurations = (
				054536D71B78021500FE978C /* Debug */,
				054536D81B78021500FE978C /* Release */,
			);
			defaultConfigurationIsVisible = 0;
			defaultConfigurationName = Release;
		};
		058B53271BA41A6C009522DF /* Build configuration list for PBXNativeTarget "UnitTestExec" */ = {
			isa = XCConfigurationList;
			buildConfigurations = (
				058B53281BA41A6C009522DF /* Debug */,
				058B53291BA41A6C009522DF /* Release */,
			);
			defaultConfigurationIsVisible = 0;
			defaultConfigurationName = Release;
		};
		05B40EE81BE5A40800AA8525 /* Build configuration list for PBXLegacyTarget "Check" */ = {
			isa = XCConfigurationList;
			buildConfigurations = (
				05B40EE91BE5A40800AA8525 /* Debug */,
				05B40EEA1BE5A40800AA8525 /* Release */,
			);
			defaultConfigurationIsVisible = 0;
			defaultConfigurationName = Release;
		};
		05DCE61A1B784305005E9D53 /* Build configuration list for PBXLegacyTarget "Install" */ = {
			isa = XCConfigurationList;
			buildConfigurations = (
				05DCE6181B784305005E9D53 /* Debug */,
				05DCE6191B784305005E9D53 /* Release */,
			);
			defaultConfigurationIsVisible = 0;
			defaultConfigurationName = Release;
		};
/* End XCConfigurationList section */
	};
	rootObject = 054536B71B78021500FE978C /* Project object */;
}
