// !$*UTF8*$!
{
	archiveVersion = 1;
	classes = {
	};
	objectVersion = 46;
	objects = {

/* Begin PBXBuildFile section */
		0537A9181B87878B009CC040 /* KLConsoleLib.h in Headers */ = {isa = PBXBuildFile; fileRef = 0537A9171B87878B009CC040 /* KLConsoleLib.h */; settings = {ATTRIBUTES = (Public, ); }; };
		05A756B81B89A7310052C5AC /* KLStdLib.framework in Frameworks */ = {isa = PBXBuildFile; fileRef = 05A756B71B89A7310052C5AC /* KLStdLib.framework */; };
		05D6DFF61B87895000EE838D /* KLConsoleOutput.swift in Sources */ = {isa = PBXBuildFile; fileRef = 05D6DFF51B87895000EE838D /* KLConsoleOutput.swift */; };
/* End PBXBuildFile section */

/* Begin PBXFileReference section */
		0537A9121B87878B009CC040 /* KLConsoleLib.framework */ = {isa = PBXFileReference; explicitFileType = wrapper.framework; includeInIndex = 0; path = KLConsoleLib.framework; sourceTree = BUILT_PRODUCTS_DIR; };
		0537A9161B87878B009CC040 /* Info.plist */ = {isa = PBXFileReference; lastKnownFileType = text.plist.xml; path = Info.plist; sourceTree = SOURCE_ROOT; };
		0537A9171B87878B009CC040 /* KLConsoleLib.h */ = {isa = PBXFileReference; lastKnownFileType = sourcecode.c.h; path = KLConsoleLib.h; sourceTree = "<group>"; };
		05A756B71B89A7310052C5AC /* KLStdLib.framework */ = {isa = PBXFileReference; lastKnownFileType = wrapper.framework; name = KLStdLib.framework; path = ../../../../../Library/Frameworks/KLStdLib.framework; sourceTree = "<group>"; };
		05D6DFF51B87895000EE838D /* KLConsoleOutput.swift */ = {isa = PBXFileReference; fileEncoding = 4; lastKnownFileType = sourcecode.swift; path = KLConsoleOutput.swift; sourceTree = "<group>"; };
/* End PBXFileReference section */

/* Begin PBXFrameworksBuildPhase section */
		0537A90E1B87878B009CC040 /* Frameworks */ = {
			isa = PBXFrameworksBuildPhase;
			buildActionMask = 2147483647;
			files = (
				05A756B81B89A7310052C5AC /* KLStdLib.framework in Frameworks */,
			);
			runOnlyForDeploymentPostprocessing = 0;
		};
/* End PBXFrameworksBuildPhase section */

/* Begin PBXGroup section */
		0537A9081B87878B009CC040 = {
			isa = PBXGroup;
			children = (
				0537A9141B87878B009CC040 /* Source */,
				05FD2A4A1B89FB4800D10E5E /* UnitTest */,
				0537A9131B87878B009CC040 /* Products */,
			);
			sourceTree = "<group>";
		};
		0537A9131B87878B009CC040 /* Products */ = {
			isa = PBXGroup;
			children = (
				0537A9121B87878B009CC040 /* KLConsoleLib.framework */,
			);
			name = Products;
			sourceTree = "<group>";
		};
		0537A9141B87878B009CC040 /* Source */ = {
			isa = PBXGroup;
			children = (
				0537A9171B87878B009CC040 /* KLConsoleLib.h */,
				05D6DFF51B87895000EE838D /* KLConsoleOutput.swift */,
				0537A9151B87878B009CC040 /* Supporting Files */,
			);
			name = Source;
			path = ../Source;
			sourceTree = SOURCE_ROOT;
		};
		0537A9151B87878B009CC040 /* Supporting Files */ = {
			isa = PBXGroup;
			children = (
				05A756B71B89A7310052C5AC /* KLStdLib.framework */,
				0537A9161B87878B009CC040 /* Info.plist */,
			);
			name = "Supporting Files";
			sourceTree = "<group>";
		};
		05FD2A4A1B89FB4800D10E5E /* UnitTest */ = {
			isa = PBXGroup;
			children = (
			);
			name = UnitTest;
			sourceTree = "<group>";
		};
/* End PBXGroup section */

/* Begin PBXHeadersBuildPhase section */
		0537A90F1B87878B009CC040 /* Headers */ = {
			isa = PBXHeadersBuildPhase;
			buildActionMask = 2147483647;
			files = (
				0537A9181B87878B009CC040 /* KLConsoleLib.h in Headers */,
			);
			runOnlyForDeploymentPostprocessing = 0;
		};
/* End PBXHeadersBuildPhase section */

/* Begin PBXNativeTarget section */
		0537A9111B87878B009CC040 /* KLConsoleLib */ = {
			isa = PBXNativeTarget;
			buildConfigurationList = 0537A9281B87878B009CC040 /* Build configuration list for PBXNativeTarget "KLConsoleLib" */;
			buildPhases = (
				0537A90D1B87878B009CC040 /* Sources */,
				0537A90E1B87878B009CC040 /* Frameworks */,
				0537A90F1B87878B009CC040 /* Headers */,
				0537A9101B87878B009CC040 /* Resources */,
			);
			buildRules = (
			);
			dependencies = (
			);
			name = KLConsoleLib;
			productName = KLConsoleLibe;
			productReference = 0537A9121B87878B009CC040 /* KLConsoleLib.framework */;
			productType = "com.apple.product-type.framework";
		};
/* End PBXNativeTarget section */

/* Begin PBXProject section */
		0537A9091B87878B009CC040 /* Project object */ = {
			isa = PBXProject;
			attributes = {
				LastUpgradeCheck = 0640;
				ORGANIZATIONNAME = "Steel Wheels Project";
				TargetAttributes = {
					0537A9111B87878B009CC040 = {
						CreatedOnToolsVersion = 6.4;
					};
				};
			};
			buildConfigurationList = 0537A90C1B87878B009CC040 /* Build configuration list for PBXProject "KLConsoleLib" */;
			compatibilityVersion = "Xcode 3.2";
			developmentRegion = English;
			hasScannedForEncodings = 0;
			knownRegions = (
				en,
			);
			mainGroup = 0537A9081B87878B009CC040;
			productRefGroup = 0537A9131B87878B009CC040 /* Products */;
			projectDirPath = "";
			projectRoot = "";
			targets = (
				0537A9111B87878B009CC040 /* KLConsoleLib */,
			);
		};
/* End PBXProject section */

/* Begin PBXResourcesBuildPhase section */
		0537A9101B87878B009CC040 /* Resources */ = {
			isa = PBXResourcesBuildPhase;
			buildActionMask = 2147483647;
			files = (
			);
			runOnlyForDeploymentPostprocessing = 0;
		};
/* End PBXResourcesBuildPhase section */

/* Begin PBXSourcesBuildPhase section */
		0537A90D1B87878B009CC040 /* Sources */ = {
			isa = PBXSourcesBuildPhase;
			buildActionMask = 2147483647;
			files = (
				05D6DFF61B87895000EE838D /* KLConsoleOutput.swift in Sources */,
			);
			runOnlyForDeploymentPostprocessing = 0;
		};
/* End PBXSourcesBuildPhase section */

/* Begin XCBuildConfiguration section */
		0537A9261B87878B009CC040 /* Debug */ = {
			isa = XCBuildConfiguration;
			buildSettings = {
				ALWAYS_SEARCH_USER_PATHS = NO;
				CLANG_CXX_LANGUAGE_STANDARD = "gnu++0x";
				CLANG_CXX_LIBRARY = "libc++";
				CLANG_ENABLE_MODULES = YES;
				CLANG_ENABLE_OBJC_ARC = YES;
				CLANG_WARN_BOOL_CONVERSION = YES;
				CLANG_WARN_CONSTANT_CONVERSION = YES;
				CLANG_WARN_DIRECT_OBJC_ISA_USAGE = YES_ERROR;
				CLANG_WARN_EMPTY_BODY = YES;
				CLANG_WARN_ENUM_CONVERSION = YES;
				CLANG_WARN_INT_CONVERSION = YES;
				CLANG_WARN_OBJC_ROOT_CLASS = YES_ERROR;
				CLANG_WARN_UNREACHABLE_CODE = YES;
				CLANG_WARN__DUPLICATE_METHOD_MATCH = YES;
				COPY_PHASE_STRIP = NO;
				CURRENT_PROJECT_VERSION = 1;
				DEBUG_INFORMATION_FORMAT = dwarf;
				ENABLE_STRICT_OBJC_MSGSEND = YES;
				GCC_C_LANGUAGE_STANDARD = gnu99;
				GCC_DYNAMIC_NO_PIC = NO;
				GCC_NO_COMMON_BLOCKS = YES;
				GCC_OPTIMIZATION_LEVEL = 0;
				GCC_PREPROCESSOR_DEFINITIONS = (
					"DEBUG=1",
					"$(inherited)",
				);
				GCC_SYMBOLS_PRIVATE_EXTERN = NO;
				GCC_WARN_64_TO_32_BIT_CONVERSION = YES;
				GCC_WARN_ABOUT_RETURN_TYPE = YES_ERROR;
				GCC_WARN_UNDECLARED_SELECTOR = YES;
				GCC_WARN_UNINITIALIZED_AUTOS = YES_AGGRESSIVE;
				GCC_WARN_UNUSED_FUNCTION = YES;
				GCC_WARN_UNUSED_VARIABLE = YES;
				MACOSX_DEPLOYMENT_TARGET = 10.10;
				MTL_ENABLE_DEBUG_INFO = YES;
				ONLY_ACTIVE_ARCH = YES;
				SDKROOT = macosx;
				SWIFT_OPTIMIZATION_LEVEL = "-Onone";
				VERSIONING_SYSTEM = "apple-generic";
				VERSION_INFO_PREFIX = "";
			};
			name = Debug;
		};
		0537A9271B87878B009CC040 /* Release */ = {
			isa = XCBuildConfiguration;
			buildSettings = {
				ALWAYS_SEARCH_USER_PATHS = NO;
				CLANG_CXX_LANGUAGE_STANDARD = "gnu++0x";
				CLANG_CXX_LIBRARY = "libc++";
				CLANG_ENABLE_MODULES = YES;
				CLANG_ENABLE_OBJC_ARC = YES;
				CLANG_WARN_BOOL_CONVERSION = YES;
				CLANG_WARN_CONSTANT_CONVERSION = YES;
				CLANG_WARN_DIRECT_OBJC_ISA_USAGE = YES_ERROR;
				CLANG_WARN_EMPTY_BODY = YES;
				CLANG_WARN_ENUM_CONVERSION = YES;
				CLANG_WARN_INT_CONVERSION = YES;
				CLANG_WARN_OBJC_ROOT_CLASS = YES_ERROR;
				CLANG_WARN_UNREACHABLE_CODE = YES;
				CLANG_WARN__DUPLICATE_METHOD_MATCH = YES;
				COPY_PHASE_STRIP = NO;
				CURRENT_PROJECT_VERSION = 1;
				DEBUG_INFORMATION_FORMAT = "dwarf-with-dsym";
				ENABLE_NS_ASSERTIONS = NO;
				ENABLE_STRICT_OBJC_MSGSEND = YES;
				GCC_C_LANGUAGE_STANDARD = gnu99;
				GCC_NO_COMMON_BLOCKS = YES;
				GCC_WARN_64_TO_32_BIT_CONVERSION = YES;
				GCC_WARN_ABOUT_RETURN_TYPE = YES_ERROR;
				GCC_WARN_UNDECLARED_SELECTOR = YES;
				GCC_WARN_UNINITIALIZED_AUTOS = YES_AGGRESSIVE;
				GCC_WARN_UNUSED_FUNCTION = YES;
				GCC_WARN_UNUSED_VARIABLE = YES;
				MACOSX_DEPLOYMENT_TARGET = 10.10;
				MTL_ENABLE_DEBUG_INFO = NO;
				SDKROOT = macosx;
				VERSIONING_SYSTEM = "apple-generic";
				VERSION_INFO_PREFIX = "";
			};
			name = Release;
		};
		0537A9291B87878B009CC040 /* Debug */ = {
			isa = XCBuildConfiguration;
			buildSettings = {
				COMBINE_HIDPI_IMAGES = YES;
				DEFINES_MODULE = YES;
				DYLIB_COMPATIBILITY_VERSION = 1;
				DYLIB_CURRENT_VERSION = 1;
				DYLIB_INSTALL_NAME_BASE = "@rpath";
				FRAMEWORK_SEARCH_PATHS = (
					"$(inherited)",
					"$(USER_LIBRARY_DIR)/Frameworks",
				);
				FRAMEWORK_VERSION = A;
				INFOPLIST_FILE = Info.plist;
				INSTALL_PATH = "$(LOCAL_LIBRARY_DIR)/Frameworks";
				LD_RUNPATH_SEARCH_PATHS = "$(inherited) @executable_path/../Frameworks @loader_path/Frameworks";
				PRODUCT_NAME = KLConsoleLib;
				SKIP_INSTALL = YES;
			};
			name = Debug;
		};
		0537A92A1B87878B009CC040 /* Release */ = {
			isa = XCBuildConfiguration;
			buildSettings = {
				COMBINE_HIDPI_IMAGES = YES;
				DEFINES_MODULE = YES;
				DYLIB_COMPATIBILITY_VERSION = 1;
				DYLIB_CURRENT_VERSION = 1;
				DYLIB_INSTALL_NAME_BASE = "@rpath";
				FRAMEWORK_SEARCH_PATHS = (
					"$(inherited)",
					"$(USER_LIBRARY_DIR)/Frameworks",
				);
				FRAMEWORK_VERSION = A;
				INFOPLIST_FILE = Info.plist;
				INSTALL_PATH = "$(LOCAL_LIBRARY_DIR)/Frameworks";
				LD_RUNPATH_SEARCH_PATHS = "$(inherited) @executable_path/../Frameworks @loader_path/Frameworks";
				PRODUCT_NAME = KLConsoleLib;
				SKIP_INSTALL = YES;
			};
			name = Release;
		};
/* End XCBuildConfiguration section */

/* Begin XCConfigurationList section */
		0537A90C1B87878B009CC040 /* Build configuration list for PBXProject "KLConsoleLib" */ = {
			isa = XCConfigurationList;
			buildConfigurations = (
				0537A9261B87878B009CC040 /* Debug */,
				0537A9271B87878B009CC040 /* Release */,
			);
			defaultConfigurationIsVisible = 0;
			defaultConfigurationName = Release;
		};
		0537A9281B87878B009CC040 /* Build configuration list for PBXNativeTarget "KLConsoleLib" */ = {
			isa = XCConfigurationList;
			buildConfigurations = (
				0537A9291B87878B009CC040 /* Debug */,
				0537A92A1B87878B009CC040 /* Release */,
			);
			defaultConfigurationIsVisible = 0;
			defaultConfigurationName = Release;
		};
/* End XCConfigurationList section */
	};
	rootObject = 0537A9091B87878B009CC040 /* Project object */;
}
