// !$*UTF8*$!
{
	archiveVersion = 1;
	classes = {
	};
	objectVersion = 50;
	objects = {

/* Begin PBXBuildFile section */
		0528875B230540A900EB4D9A /* CoconutData.framework in Frameworks */ = {isa = PBXBuildFile; fileRef = 0528875A230540A900EB4D9A /* CoconutData.framework */; };
		0528875D230540BA00EB4D9A /* CoconutShell.framework in Frameworks */ = {isa = PBXBuildFile; fileRef = 0528875C230540BA00EB4D9A /* CoconutShell.framework */; };
		053F050023B9727A00EB7D81 /* KHScriptManager.swift in Sources */ = {isa = PBXBuildFile; fileRef = 053F04FF23B9727A00EB7D81 /* KHScriptManager.swift */; };
		055417552318202D005BE0C5 /* KHConfig.swift in Sources */ = {isa = PBXBuildFile; fileRef = 055417542318202D005BE0C5 /* KHConfig.swift */; };
		0592776A23B8BF8200844FA4 /* KHShellStatement.swift in Sources */ = {isa = PBXBuildFile; fileRef = 0592776923B8BF8200844FA4 /* KHShellStatement.swift */; };
		05AF0E7F23053F7500375196 /* KiwiShell.h in Headers */ = {isa = PBXBuildFile; fileRef = 05AF0E7D23053F7500375196 /* KiwiShell.h */; settings = {ATTRIBUTES = (Public, ); }; };
		05B3618223B9675200DA0BF3 /* history.js in CopyFiles */ = {isa = PBXBuildFile; fileRef = 05B3617F23B9672B00DA0BF3 /* history.js */; };
		05B410BE2363CE4100751D9F /* KHShellTranslator.swift in Sources */ = {isa = PBXBuildFile; fileRef = 05B410BD2363CE4100751D9F /* KHShellTranslator.swift */; };
		05C4BE2623127E340014C2DB /* KHScriptThread.swift in Sources */ = {isa = PBXBuildFile; fileRef = 05C4BE2523127E340014C2DB /* KHScriptThread.swift */; };
		05C4BE2823127E400014C2DB /* KHShellThread.swift in Sources */ = {isa = PBXBuildFile; fileRef = 05C4BE2723127E400014C2DB /* KHShellThread.swift */; };
		05EE1F66231161BD0051C0E9 /* KHShellCompiler.swift in Sources */ = {isa = PBXBuildFile; fileRef = 05EE1F65231161BD0051C0E9 /* KHShellCompiler.swift */; };
/* End PBXBuildFile section */

/* Begin PBXContainerItemProxy section */
		0514ACF62305818E00204478 /* PBXContainerItemProxy */ = {
			isa = PBXContainerItemProxy;
			containerPortal = 05AF0E7123053F7500375196 /* Project object */;
			proxyType = 1;
			remoteGlobalIDString = 05AF0E7923053F7500375196;
			remoteInfo = KiwiShell;
		};
/* End PBXContainerItemProxy section */

/* Begin PBXCopyFilesBuildPhase section */
		05B3618123B9674100DA0BF3 /* CopyFiles */ = {
			isa = PBXCopyFilesBuildPhase;
			buildActionMask = 2147483647;
			dstPath = Binary;
			dstSubfolderSpec = 7;
			files = (
				05B3618223B9675200DA0BF3 /* history.js in CopyFiles */,
			);
			runOnlyForDeploymentPostprocessing = 0;
		};
/* End PBXCopyFilesBuildPhase section */

/* Begin PBXFileReference section */
		0528875A230540A900EB4D9A /* CoconutData.framework */ = {isa = PBXFileReference; lastKnownFileType = wrapper.framework; name = CoconutData.framework; path = ../../../../local/Frameworks/CoconutData.framework; sourceTree = "<group>"; };
		0528875C230540BA00EB4D9A /* CoconutShell.framework */ = {isa = PBXFileReference; lastKnownFileType = wrapper.framework; name = CoconutShell.framework; path = ../../../../local/Frameworks/CoconutShell.framework; sourceTree = "<group>"; };
		053F04FF23B9727A00EB7D81 /* KHScriptManager.swift */ = {isa = PBXFileReference; fileEncoding = 4; lastKnownFileType = sourcecode.swift; path = KHScriptManager.swift; sourceTree = "<group>"; };
		055417542318202D005BE0C5 /* KHConfig.swift */ = {isa = PBXFileReference; fileEncoding = 4; lastKnownFileType = sourcecode.swift; path = KHConfig.swift; sourceTree = "<group>"; };
		0592776923B8BF8200844FA4 /* KHShellStatement.swift */ = {isa = PBXFileReference; fileEncoding = 4; lastKnownFileType = sourcecode.swift; path = KHShellStatement.swift; sourceTree = "<group>"; };
		05AF0E7A23053F7500375196 /* KiwiShell.framework */ = {isa = PBXFileReference; explicitFileType = wrapper.framework; includeInIndex = 0; path = KiwiShell.framework; sourceTree = BUILT_PRODUCTS_DIR; };
		05AF0E7D23053F7500375196 /* KiwiShell.h */ = {isa = PBXFileReference; lastKnownFileType = sourcecode.c.h; path = KiwiShell.h; sourceTree = "<group>"; };
		05AF0E7E23053F7500375196 /* Info.plist */ = {isa = PBXFileReference; lastKnownFileType = text.plist.xml; path = Info.plist; sourceTree = "<group>"; };
		05B3617F23B9672B00DA0BF3 /* history.js */ = {isa = PBXFileReference; fileEncoding = 4; lastKnownFileType = sourcecode.javascript; path = history.js; sourceTree = "<group>"; };
		05B410BD2363CE4100751D9F /* KHShellTranslator.swift */ = {isa = PBXFileReference; fileEncoding = 4; lastKnownFileType = sourcecode.swift; path = KHShellTranslator.swift; sourceTree = "<group>"; };
		05C4BE2523127E340014C2DB /* KHScriptThread.swift */ = {isa = PBXFileReference; fileEncoding = 4; lastKnownFileType = sourcecode.swift; path = KHScriptThread.swift; sourceTree = "<group>"; };
		05C4BE2723127E400014C2DB /* KHShellThread.swift */ = {isa = PBXFileReference; fileEncoding = 4; lastKnownFileType = sourcecode.swift; path = KHShellThread.swift; sourceTree = "<group>"; };
		05EE1F65231161BD0051C0E9 /* KHShellCompiler.swift */ = {isa = PBXFileReference; fileEncoding = 4; lastKnownFileType = sourcecode.swift; path = KHShellCompiler.swift; sourceTree = "<group>"; };
/* End PBXFileReference section */

/* Begin PBXFrameworksBuildPhase section */
		05AF0E7723053F7500375196 /* Frameworks */ = {
			isa = PBXFrameworksBuildPhase;
			buildActionMask = 2147483647;
			files = (
				0528875D230540BA00EB4D9A /* CoconutShell.framework in Frameworks */,
				0528875B230540A900EB4D9A /* CoconutData.framework in Frameworks */,
			);
			runOnlyForDeploymentPostprocessing = 0;
		};
/* End PBXFrameworksBuildPhase section */

/* Begin PBXGroup section */
		052887542305403A00EB4D9A /* Source */ = {
			isa = PBXGroup;
			children = (
				05AF0E7D23053F7500375196 /* KiwiShell.h */,
				055417542318202D005BE0C5 /* KHConfig.swift */,
				05C4BE2523127E340014C2DB /* KHScriptThread.swift */,
				05C4BE2723127E400014C2DB /* KHShellThread.swift */,
				05EE1F65231161BD0051C0E9 /* KHShellCompiler.swift */,
				05B410BD2363CE4100751D9F /* KHShellTranslator.swift */,
				0592776923B8BF8200844FA4 /* KHShellStatement.swift */,
				053F04FF23B9727A00EB7D81 /* KHScriptManager.swift */,
			);
			name = Source;
			path = ../Source;
			sourceTree = "<group>";
		};
		05288759230540A900EB4D9A /* Frameworks */ = {
			isa = PBXGroup;
			children = (
				0528875C230540BA00EB4D9A /* CoconutShell.framework */,
				0528875A230540A900EB4D9A /* CoconutData.framework */,
			);
			name = Frameworks;
			sourceTree = "<group>";
		};
		05AF0E7023053F7500375196 = {
			isa = PBXGroup;
			children = (
				05AF0E7C23053F7500375196 /* KiwiShell */,
				052887542305403A00EB4D9A /* Source */,
				05B3617D23B966EB00DA0BF3 /* Resource */,
				05AF0E7B23053F7500375196 /* Products */,
				05288759230540A900EB4D9A /* Frameworks */,
			);
			sourceTree = "<group>";
		};
		05AF0E7B23053F7500375196 /* Products */ = {
			isa = PBXGroup;
			children = (
				05AF0E7A23053F7500375196 /* KiwiShell.framework */,
			);
			name = Products;
			sourceTree = "<group>";
		};
		05AF0E7C23053F7500375196 /* KiwiShell */ = {
			isa = PBXGroup;
			children = (
				05AF0E7E23053F7500375196 /* Info.plist */,
			);
			name = KiwiShell;
			sourceTree = "<group>";
		};
		05B3617D23B966EB00DA0BF3 /* Resource */ = {
			isa = PBXGroup;
			children = (
				05B3617E23B9670F00DA0BF3 /* Binary */,
			);
			name = Resource;
			path = ../Resource;
			sourceTree = "<group>";
		};
		05B3617E23B9670F00DA0BF3 /* Binary */ = {
			isa = PBXGroup;
			children = (
				05B3617F23B9672B00DA0BF3 /* history.js */,
			);
			path = Binary;
			sourceTree = "<group>";
		};
/* End PBXGroup section */

/* Begin PBXHeadersBuildPhase section */
		05AF0E7523053F7500375196 /* Headers */ = {
			isa = PBXHeadersBuildPhase;
			buildActionMask = 2147483647;
			files = (
				05AF0E7F23053F7500375196 /* KiwiShell.h in Headers */,
			);
			runOnlyForDeploymentPostprocessing = 0;
		};
/* End PBXHeadersBuildPhase section */

/* Begin PBXLegacyTarget section */
		0514ACF22305818600204478 /* Install */ = {
			isa = PBXLegacyTarget;
			buildArgumentsString = "-f ../../Script/install_ios.mk";
			buildConfigurationList = 0514ACF32305818600204478 /* Build configuration list for PBXLegacyTarget "Install" */;
			buildPhases = (
			);
			buildToolPath = /usr/bin/make;
			buildWorkingDirectory = "";
			dependencies = (
				0514ACF72305818E00204478 /* PBXTargetDependency */,
			);
			name = Install;
			passBuildSettingsInEnvironment = 1;
			productName = Install;
		};
/* End PBXLegacyTarget section */

/* Begin PBXNativeTarget section */
		05AF0E7923053F7500375196 /* KiwiShell */ = {
			isa = PBXNativeTarget;
			buildConfigurationList = 05AF0E8223053F7500375196 /* Build configuration list for PBXNativeTarget "KiwiShell" */;
			buildPhases = (
				05AF0E7523053F7500375196 /* Headers */,
				05AF0E7623053F7500375196 /* Sources */,
				05AF0E7723053F7500375196 /* Frameworks */,
				05B3618123B9674100DA0BF3 /* CopyFiles */,
			);
			buildRules = (
			);
			dependencies = (
			);
			name = KiwiShell;
			productName = KiwiShell;
			productReference = 05AF0E7A23053F7500375196 /* KiwiShell.framework */;
			productType = "com.apple.product-type.framework";
		};
/* End PBXNativeTarget section */

/* Begin PBXProject section */
		05AF0E7123053F7500375196 /* Project object */ = {
			isa = PBXProject;
			attributes = {
				LastUpgradeCheck = 1110;
				ORGANIZATIONNAME = "Steel Wheels Project";
				TargetAttributes = {
					0514ACF22305818600204478 = {
						CreatedOnToolsVersion = 10.3;
					};
					05AF0E7923053F7500375196 = {
						CreatedOnToolsVersion = 10.3;
						LastSwiftMigration = 1030;
					};
				};
			};
			buildConfigurationList = 05AF0E7423053F7500375196 /* Build configuration list for PBXProject "KiwiShell" */;
			compatibilityVersion = "Xcode 9.3";
			developmentRegion = en;
			hasScannedForEncodings = 0;
			knownRegions = (
				en,
				Base,
			);
			mainGroup = 05AF0E7023053F7500375196;
			productRefGroup = 05AF0E7B23053F7500375196 /* Products */;
			projectDirPath = "";
			projectRoot = "";
			targets = (
				05AF0E7923053F7500375196 /* KiwiShell */,
				0514ACF22305818600204478 /* Install */,
			);
		};
/* End PBXProject section */

/* Begin PBXSourcesBuildPhase section */
		05AF0E7623053F7500375196 /* Sources */ = {
			isa = PBXSourcesBuildPhase;
			buildActionMask = 2147483647;
			files = (
				055417552318202D005BE0C5 /* KHConfig.swift in Sources */,
				053F050023B9727A00EB7D81 /* KHScriptManager.swift in Sources */,
				05EE1F66231161BD0051C0E9 /* KHShellCompiler.swift in Sources */,
				05C4BE2823127E400014C2DB /* KHShellThread.swift in Sources */,
				0592776A23B8BF8200844FA4 /* KHShellStatement.swift in Sources */,
				05C4BE2623127E340014C2DB /* KHScriptThread.swift in Sources */,
				05B410BE2363CE4100751D9F /* KHShellTranslator.swift in Sources */,
			);
			runOnlyForDeploymentPostprocessing = 0;
		};
/* End PBXSourcesBuildPhase section */

/* Begin PBXTargetDependency section */
		0514ACF72305818E00204478 /* PBXTargetDependency */ = {
			isa = PBXTargetDependency;
			target = 05AF0E7923053F7500375196 /* KiwiShell */;
			targetProxy = 0514ACF62305818E00204478 /* PBXContainerItemProxy */;
		};
/* End PBXTargetDependency section */

/* Begin XCBuildConfiguration section */
		0514ACF42305818600204478 /* Debug */ = {
			isa = XCBuildConfiguration;
			buildSettings = {
				CODE_SIGN_STYLE = Automatic;
				DEBUGGING_SYMBOLS = YES;
				DEBUG_INFORMATION_FORMAT = dwarf;
				DEVELOPMENT_TEAM = TR2DNF3P93;
				GCC_GENERATE_DEBUGGING_SYMBOLS = YES;
				GCC_OPTIMIZATION_LEVEL = 0;
				OTHER_CFLAGS = "";
				OTHER_LDFLAGS = "";
				PRODUCT_NAME = "$(TARGET_NAME)";
			};
			name = Debug;
		};
		0514ACF52305818600204478 /* Release */ = {
			isa = XCBuildConfiguration;
			buildSettings = {
				CODE_SIGN_STYLE = Automatic;
				DEBUG_INFORMATION_FORMAT = "dwarf-with-dsym";
				DEVELOPMENT_TEAM = TR2DNF3P93;
				OTHER_CFLAGS = "";
				OTHER_LDFLAGS = "";
				PRODUCT_NAME = "$(TARGET_NAME)";
			};
			name = Release;
		};
		05AF0E8023053F7500375196 /* Debug */ = {
			isa = XCBuildConfiguration;
			buildSettings = {
				ALWAYS_SEARCH_USER_PATHS = NO;
				CLANG_ANALYZER_NONNULL = YES;
				CLANG_ANALYZER_NUMBER_OBJECT_CONVERSION = YES_AGGRESSIVE;
				CLANG_CXX_LANGUAGE_STANDARD = "gnu++14";
				CLANG_CXX_LIBRARY = "libc++";
				CLANG_ENABLE_MODULES = YES;
				CLANG_ENABLE_OBJC_ARC = YES;
				CLANG_ENABLE_OBJC_WEAK = YES;
				CLANG_WARN_BLOCK_CAPTURE_AUTORELEASING = YES;
				CLANG_WARN_BOOL_CONVERSION = YES;
				CLANG_WARN_COMMA = YES;
				CLANG_WARN_CONSTANT_CONVERSION = YES;
				CLANG_WARN_DEPRECATED_OBJC_IMPLEMENTATIONS = YES;
				CLANG_WARN_DIRECT_OBJC_ISA_USAGE = YES_ERROR;
				CLANG_WARN_DOCUMENTATION_COMMENTS = YES;
				CLANG_WARN_EMPTY_BODY = YES;
				CLANG_WARN_ENUM_CONVERSION = YES;
				CLANG_WARN_INFINITE_RECURSION = YES;
				CLANG_WARN_INT_CONVERSION = YES;
				CLANG_WARN_NON_LITERAL_NULL_CONVERSION = YES;
				CLANG_WARN_OBJC_IMPLICIT_RETAIN_SELF = YES;
				CLANG_WARN_OBJC_LITERAL_CONVERSION = YES;
				CLANG_WARN_OBJC_ROOT_CLASS = YES_ERROR;
				CLANG_WARN_RANGE_LOOP_ANALYSIS = YES;
				CLANG_WARN_STRICT_PROTOTYPES = YES;
				CLANG_WARN_SUSPICIOUS_MOVE = YES;
				CLANG_WARN_UNGUARDED_AVAILABILITY = YES_AGGRESSIVE;
				CLANG_WARN_UNREACHABLE_CODE = YES;
				CLANG_WARN__DUPLICATE_METHOD_MATCH = YES;
				CODE_SIGN_IDENTITY = "iPhone Developer";
				COPY_PHASE_STRIP = NO;
				CURRENT_PROJECT_VERSION = 1;
				DEBUG_INFORMATION_FORMAT = dwarf;
				ENABLE_STRICT_OBJC_MSGSEND = YES;
				ENABLE_TESTABILITY = YES;
				GCC_C_LANGUAGE_STANDARD = gnu11;
				GCC_DYNAMIC_NO_PIC = NO;
				GCC_NO_COMMON_BLOCKS = YES;
				GCC_OPTIMIZATION_LEVEL = 2;
				GCC_PREPROCESSOR_DEFINITIONS = (
					"DEBUG=1",
					"$(inherited)",
				);
				GCC_WARN_64_TO_32_BIT_CONVERSION = YES;
				GCC_WARN_ABOUT_RETURN_TYPE = YES_ERROR;
				GCC_WARN_UNDECLARED_SELECTOR = YES;
				GCC_WARN_UNINITIALIZED_AUTOS = YES_AGGRESSIVE;
				GCC_WARN_UNUSED_FUNCTION = YES;
				GCC_WARN_UNUSED_VARIABLE = YES;
				IPHONEOS_DEPLOYMENT_TARGET = 13.0;
				MTL_ENABLE_DEBUG_INFO = INCLUDE_SOURCE;
				MTL_FAST_MATH = YES;
				ONLY_ACTIVE_ARCH = YES;
				SDKROOT = iphoneos;
				SWIFT_ACTIVE_COMPILATION_CONDITIONS = DEBUG;
				SWIFT_OPTIMIZATION_LEVEL = "-O";
				VERSIONING_SYSTEM = "apple-generic";
				VERSION_INFO_PREFIX = "";
			};
			name = Debug;
		};
		05AF0E8123053F7500375196 /* Release */ = {
			isa = XCBuildConfiguration;
			buildSettings = {
				ALWAYS_SEARCH_USER_PATHS = NO;
				CLANG_ANALYZER_NONNULL = YES;
				CLANG_ANALYZER_NUMBER_OBJECT_CONVERSION = YES_AGGRESSIVE;
				CLANG_CXX_LANGUAGE_STANDARD = "gnu++14";
				CLANG_CXX_LIBRARY = "libc++";
				CLANG_ENABLE_MODULES = YES;
				CLANG_ENABLE_OBJC_ARC = YES;
				CLANG_ENABLE_OBJC_WEAK = YES;
				CLANG_WARN_BLOCK_CAPTURE_AUTORELEASING = YES;
				CLANG_WARN_BOOL_CONVERSION = YES;
				CLANG_WARN_COMMA = YES;
				CLANG_WARN_CONSTANT_CONVERSION = YES;
				CLANG_WARN_DEPRECATED_OBJC_IMPLEMENTATIONS = YES;
				CLANG_WARN_DIRECT_OBJC_ISA_USAGE = YES_ERROR;
				CLANG_WARN_DOCUMENTATION_COMMENTS = YES;
				CLANG_WARN_EMPTY_BODY = YES;
				CLANG_WARN_ENUM_CONVERSION = YES;
				CLANG_WARN_INFINITE_RECURSION = YES;
				CLANG_WARN_INT_CONVERSION = YES;
				CLANG_WARN_NON_LITERAL_NULL_CONVERSION = YES;
				CLANG_WARN_OBJC_IMPLICIT_RETAIN_SELF = YES;
				CLANG_WARN_OBJC_LITERAL_CONVERSION = YES;
				CLANG_WARN_OBJC_ROOT_CLASS = YES_ERROR;
				CLANG_WARN_RANGE_LOOP_ANALYSIS = YES;
				CLANG_WARN_STRICT_PROTOTYPES = YES;
				CLANG_WARN_SUSPICIOUS_MOVE = YES;
				CLANG_WARN_UNGUARDED_AVAILABILITY = YES_AGGRESSIVE;
				CLANG_WARN_UNREACHABLE_CODE = YES;
				CLANG_WARN__DUPLICATE_METHOD_MATCH = YES;
				CODE_SIGN_IDENTITY = "iPhone Developer";
				COPY_PHASE_STRIP = NO;
				CURRENT_PROJECT_VERSION = 1;
				DEBUG_INFORMATION_FORMAT = "dwarf-with-dsym";
				ENABLE_NS_ASSERTIONS = NO;
				ENABLE_STRICT_OBJC_MSGSEND = YES;
				GCC_C_LANGUAGE_STANDARD = gnu11;
				GCC_NO_COMMON_BLOCKS = YES;
				GCC_OPTIMIZATION_LEVEL = 2;
				GCC_WARN_64_TO_32_BIT_CONVERSION = YES;
				GCC_WARN_ABOUT_RETURN_TYPE = YES_ERROR;
				GCC_WARN_UNDECLARED_SELECTOR = YES;
				GCC_WARN_UNINITIALIZED_AUTOS = YES_AGGRESSIVE;
				GCC_WARN_UNUSED_FUNCTION = YES;
				GCC_WARN_UNUSED_VARIABLE = YES;
				IPHONEOS_DEPLOYMENT_TARGET = 13.0;
				MTL_ENABLE_DEBUG_INFO = NO;
				MTL_FAST_MATH = YES;
				SDKROOT = iphoneos;
				SWIFT_COMPILATION_MODE = wholemodule;
				SWIFT_OPTIMIZATION_LEVEL = "-O";
				VALIDATE_PRODUCT = YES;
				VERSIONING_SYSTEM = "apple-generic";
				VERSION_INFO_PREFIX = "";
			};
			name = Release;
		};
		05AF0E8323053F7500375196 /* Debug */ = {
			isa = XCBuildConfiguration;
			buildSettings = {
				CLANG_ENABLE_MODULES = YES;
				CODE_SIGN_IDENTITY = "Apple Development";
				"CODE_SIGN_IDENTITY[sdk=macosx*]" = "Apple Development";
				CODE_SIGN_STYLE = Automatic;
				DEFINES_MODULE = YES;
				DEVELOPMENT_TEAM = TR2DNF3P93;
				DYLIB_COMPATIBILITY_VERSION = 1;
				DYLIB_CURRENT_VERSION = 1;
				DYLIB_INSTALL_NAME_BASE = "@rpath";
				FRAMEWORK_SEARCH_PATHS = "$(HOME)/local/Frameworks";
				INFOPLIST_FILE = Info.plist;
				INSTALL_PATH = "$(HOME)/local/Frameworks";
				IPHONEOS_DEPLOYMENT_TARGET = 13.0;
				LD_RUNPATH_SEARCH_PATHS = (
					"$(inherited)",
					"@executable_path/Frameworks",
					"@loader_path/Frameworks",
				);
				PRODUCT_BUNDLE_IDENTIFIER = github.com.steelwheels.KiwiShell;
				PRODUCT_NAME = "$(TARGET_NAME:c99extidentifier)";
				PROVISIONING_PROFILE_SPECIFIER = "";
				"PROVISIONING_PROFILE_SPECIFIER[sdk=macosx*]" = "";
				SKIP_INSTALL = NO;
				SWIFT_OPTIMIZATION_LEVEL = "-O";
				SWIFT_VERSION = 5.0;
				TARGETED_DEVICE_FAMILY = "1,2";
			};
			name = Debug;
		};
		05AF0E8423053F7500375196 /* Release */ = {
			isa = XCBuildConfiguration;
			buildSettings = {
				CLANG_ENABLE_MODULES = YES;
				CODE_SIGN_IDENTITY = "Apple Development";
				"CODE_SIGN_IDENTITY[sdk=macosx*]" = "Apple Development";
				CODE_SIGN_STYLE = Automatic;
				DEFINES_MODULE = YES;
				DEVELOPMENT_TEAM = TR2DNF3P93;
				DYLIB_COMPATIBILITY_VERSION = 1;
				DYLIB_CURRENT_VERSION = 1;
				DYLIB_INSTALL_NAME_BASE = "@rpath";
				FRAMEWORK_SEARCH_PATHS = "$(HOME)/local/Frameworks";
				INFOPLIST_FILE = Info.plist;
				INSTALL_PATH = "$(HOME)/local/Frameworks";
				IPHONEOS_DEPLOYMENT_TARGET = 13.0;
				LD_RUNPATH_SEARCH_PATHS = (
					"$(inherited)",
					"@executable_path/Frameworks",
					"@loader_path/Frameworks",
				);
				PRODUCT_BUNDLE_IDENTIFIER = github.com.steelwheels.KiwiShell;
				PRODUCT_NAME = "$(TARGET_NAME:c99extidentifier)";
				PROVISIONING_PROFILE_SPECIFIER = "";
				"PROVISIONING_PROFILE_SPECIFIER[sdk=macosx*]" = "";
				SKIP_INSTALL = NO;
				SWIFT_OPTIMIZATION_LEVEL = "-O";
				SWIFT_VERSION = 5.0;
				TARGETED_DEVICE_FAMILY = "1,2";
			};
			name = Release;
		};
/* End XCBuildConfiguration section */

/* Begin XCConfigurationList section */
		0514ACF32305818600204478 /* Build configuration list for PBXLegacyTarget "Install" */ = {
			isa = XCConfigurationList;
			buildConfigurations = (
				0514ACF42305818600204478 /* Debug */,
				0514ACF52305818600204478 /* Release */,
			);
			defaultConfigurationIsVisible = 0;
			defaultConfigurationName = Release;
		};
		05AF0E7423053F7500375196 /* Build configuration list for PBXProject "KiwiShell" */ = {
			isa = XCConfigurationList;
			buildConfigurations = (
				05AF0E8023053F7500375196 /* Debug */,
				05AF0E8123053F7500375196 /* Release */,
			);
			defaultConfigurationIsVisible = 0;
			defaultConfigurationName = Release;
		};
		05AF0E8223053F7500375196 /* Build configuration list for PBXNativeTarget "KiwiShell" */ = {
			isa = XCConfigurationList;
			buildConfigurations = (
				05AF0E8323053F7500375196 /* Debug */,
				05AF0E8423053F7500375196 /* Release */,
			);
			defaultConfigurationIsVisible = 0;
			defaultConfigurationName = Release;
		};
/* End XCConfigurationList section */
	};
	rootObject = 05AF0E7123053F7500375196 /* Project object */;
}
