// !$*UTF8*$!
{
	archiveVersion = 1;
	classes = {
	};
	objectVersion = 46;
	objects = {

/* Begin PBXBuildFile section */
		052780741BA8649700A57197 /* JSRunnerExec in CopyFiles */ = {isa = PBXBuildFile; fileRef = 05ED598D1BA8635000F34271 /* JSRunnerExec */; settings = {ATTRIBUTES = (CodeSignOnCopy, ); }; };
		052780771BA865A800A57197 /* Canary.framework in Frameworks */ = {isa = PBXBuildFile; fileRef = 052780761BA865A800A57197 /* Canary.framework */; settings = {ASSET_TAGS = (); }; };
		052780791BA8662B00A57197 /* Canary.framework in CopyFiles */ = {isa = PBXBuildFile; fileRef = 052780761BA865A800A57197 /* Canary.framework */; settings = {ATTRIBUTES = (CodeSignOnCopy, RemoveHeadersOnCopy, ); }; };
		05ED59901BA8635000F34271 /* main.swift in Sources */ = {isa = PBXBuildFile; fileRef = 05ED598F1BA8635000F34271 /* main.swift */; };
/* End PBXBuildFile section */

/* Begin PBXContainerItemProxy section */
		0527807E1BA8673300A57197 /* PBXContainerItemProxy */ = {
			isa = PBXContainerItemProxy;
			containerPortal = 05BAB3CA1BA862D600D3891F /* Project object */;
			proxyType = 1;
			remoteGlobalIDString = 05BAB3D11BA862D700D3891F;
			remoteInfo = JSRunner;
		};
		05ED59941BA8635C00F34271 /* PBXContainerItemProxy */ = {
			isa = PBXContainerItemProxy;
			containerPortal = 05BAB3CA1BA862D600D3891F /* Project object */;
			proxyType = 1;
			remoteGlobalIDString = 05ED598C1BA8635000F34271;
			remoteInfo = JSRunnerExec;
		};
/* End PBXContainerItemProxy section */

/* Begin PBXCopyFilesBuildPhase section */
		052780731BA8648D00A57197 /* CopyFiles */ = {
			isa = PBXCopyFilesBuildPhase;
			buildActionMask = 2147483647;
			dstPath = "";
			dstSubfolderSpec = 6;
			files = (
				052780741BA8649700A57197 /* JSRunnerExec in CopyFiles */,
			);
			runOnlyForDeploymentPostprocessing = 0;
		};
		052780781BA8661600A57197 /* CopyFiles */ = {
			isa = PBXCopyFilesBuildPhase;
			buildActionMask = 2147483647;
			dstPath = "";
			dstSubfolderSpec = 10;
			files = (
				052780791BA8662B00A57197 /* Canary.framework in CopyFiles */,
			);
			runOnlyForDeploymentPostprocessing = 0;
		};
		05ED598B1BA8635000F34271 /* CopyFiles */ = {
			isa = PBXCopyFilesBuildPhase;
			buildActionMask = 2147483647;
			dstPath = /usr/share/man/man1/;
			dstSubfolderSpec = 0;
			files = (
			);
			runOnlyForDeploymentPostprocessing = 1;
		};
/* End PBXCopyFilesBuildPhase section */

/* Begin PBXFileReference section */
		052780761BA865A800A57197 /* Canary.framework */ = {isa = PBXFileReference; lastKnownFileType = wrapper.framework; name = Canary.framework; path = ../../../../Library/Frameworks/Canary.framework; sourceTree = "<group>"; };
		05BAB3D21BA862D700D3891F /* JSRunner.bundle */ = {isa = PBXFileReference; explicitFileType = wrapper.cfbundle; includeInIndex = 0; path = JSRunner.bundle; sourceTree = BUILT_PRODUCTS_DIR; };
		05BAB3D51BA862D700D3891F /* Info.plist */ = {isa = PBXFileReference; lastKnownFileType = text.plist.xml; path = Info.plist; sourceTree = "<group>"; };
		05ED598D1BA8635000F34271 /* JSRunnerExec */ = {isa = PBXFileReference; explicitFileType = "compiled.mach-o.executable"; includeInIndex = 0; path = JSRunnerExec; sourceTree = BUILT_PRODUCTS_DIR; };
		05ED598F1BA8635000F34271 /* main.swift */ = {isa = PBXFileReference; lastKnownFileType = sourcecode.swift; path = main.swift; sourceTree = "<group>"; };
/* End PBXFileReference section */

/* Begin PBXFrameworksBuildPhase section */
		05BAB3CF1BA862D700D3891F /* Frameworks */ = {
			isa = PBXFrameworksBuildPhase;
			buildActionMask = 2147483647;
			files = (
			);
			runOnlyForDeploymentPostprocessing = 0;
		};
		05ED598A1BA8635000F34271 /* Frameworks */ = {
			isa = PBXFrameworksBuildPhase;
			buildActionMask = 2147483647;
			files = (
				052780771BA865A800A57197 /* Canary.framework in Frameworks */,
			);
			runOnlyForDeploymentPostprocessing = 0;
		};
/* End PBXFrameworksBuildPhase section */

/* Begin PBXGroup section */
		052780751BA8659000A57197 /* Supporting Files */ = {
			isa = PBXGroup;
			children = (
				052780761BA865A800A57197 /* Canary.framework */,
			);
			name = "Supporting Files";
			sourceTree = "<group>";
		};
		05BAB3C91BA862D600D3891F = {
			isa = PBXGroup;
			children = (
				05ED598E1BA8635000F34271 /* Source */,
				05BAB3D41BA862D700D3891F /* Bundle */,
				05BAB3D31BA862D700D3891F /* Products */,
			);
			sourceTree = "<group>";
		};
		05BAB3D31BA862D700D3891F /* Products */ = {
			isa = PBXGroup;
			children = (
				05BAB3D21BA862D700D3891F /* JSRunner.bundle */,
				05ED598D1BA8635000F34271 /* JSRunnerExec */,
			);
			name = Products;
			sourceTree = "<group>";
		};
		05BAB3D41BA862D700D3891F /* Bundle */ = {
			isa = PBXGroup;
			children = (
				05BAB3D51BA862D700D3891F /* Info.plist */,
			);
			name = Bundle;
			path = JSRunner;
			sourceTree = "<group>";
		};
		05ED598E1BA8635000F34271 /* Source */ = {
			isa = PBXGroup;
			children = (
				05ED598F1BA8635000F34271 /* main.swift */,
				052780751BA8659000A57197 /* Supporting Files */,
			);
			name = Source;
			path = ../Source;
			sourceTree = SOURCE_ROOT;
		};
/* End PBXGroup section */

/* Begin PBXLegacyTarget section */
		0527807A1BA8672A00A57197 /* Install */ = {
			isa = PBXLegacyTarget;
			buildArgumentsString = "-f ../../Script/install_osx.mk";
			buildConfigurationList = 0527807B1BA8672A00A57197 /* Build configuration list for PBXLegacyTarget "Install" */;
			buildPhases = (
			);
			buildToolPath = /usr/bin/make;
			buildWorkingDirectory = "";
			dependencies = (
				0527807F1BA8673300A57197 /* PBXTargetDependency */,
			);
			name = Install;
			passBuildSettingsInEnvironment = 1;
			productName = Install;
		};
/* End PBXLegacyTarget section */

/* Begin PBXNativeTarget section */
		05BAB3D11BA862D700D3891F /* JSRunner */ = {
			isa = PBXNativeTarget;
			buildConfigurationList = 05BAB3D81BA862D700D3891F /* Build configuration list for PBXNativeTarget "JSRunner" */;
			buildPhases = (
				05BAB3CE1BA862D700D3891F /* Sources */,
				05BAB3CF1BA862D700D3891F /* Frameworks */,
				05BAB3D01BA862D700D3891F /* Resources */,
				052780731BA8648D00A57197 /* CopyFiles */,
				052780781BA8661600A57197 /* CopyFiles */,
			);
			buildRules = (
			);
			dependencies = (
				05ED59951BA8635C00F34271 /* PBXTargetDependency */,
			);
			name = JSRunner;
			productName = JSRunner;
			productReference = 05BAB3D21BA862D700D3891F /* JSRunner.bundle */;
			productType = "com.apple.product-type.bundle";
		};
		05ED598C1BA8635000F34271 /* JSRunnerExec */ = {
			isa = PBXNativeTarget;
			buildConfigurationList = 05ED59911BA8635000F34271 /* Build configuration list for PBXNativeTarget "JSRunnerExec" */;
			buildPhases = (
				05ED59891BA8635000F34271 /* Sources */,
				05ED598A1BA8635000F34271 /* Frameworks */,
				05ED598B1BA8635000F34271 /* CopyFiles */,
			);
			buildRules = (
			);
			dependencies = (
			);
			name = JSRunnerExec;
			productName = JSRunnerExec;
			productReference = 05ED598D1BA8635000F34271 /* JSRunnerExec */;
			productType = "com.apple.product-type.tool";
		};
/* End PBXNativeTarget section */

/* Begin PBXProject section */
		05BAB3CA1BA862D600D3891F /* Project object */ = {
			isa = PBXProject;
			attributes = {
				LastUpgradeCheck = 0700;
				ORGANIZATIONNAME = "Steel Wheels Project";
				TargetAttributes = {
					0527807A1BA8672A00A57197 = {
						CreatedOnToolsVersion = 7.0;
					};
					05BAB3D11BA862D700D3891F = {
						CreatedOnToolsVersion = 7.0;
					};
					05ED598C1BA8635000F34271 = {
						CreatedOnToolsVersion = 7.0;
					};
				};
			};
			buildConfigurationList = 05BAB3CD1BA862D700D3891F /* Build configuration list for PBXProject "JSRunner" */;
			compatibilityVersion = "Xcode 3.2";
			developmentRegion = English;
			hasScannedForEncodings = 0;
			knownRegions = (
				en,
			);
			mainGroup = 05BAB3C91BA862D600D3891F;
			productRefGroup = 05BAB3D31BA862D700D3891F /* Products */;
			projectDirPath = "";
			projectRoot = "";
			targets = (
				05ED598C1BA8635000F34271 /* JSRunnerExec */,
				05BAB3D11BA862D700D3891F /* JSRunner */,
				0527807A1BA8672A00A57197 /* Install */,
			);
		};
/* End PBXProject section */

/* Begin PBXResourcesBuildPhase section */
		05BAB3D01BA862D700D3891F /* Resources */ = {
			isa = PBXResourcesBuildPhase;
			buildActionMask = 2147483647;
			files = (
			);
			runOnlyForDeploymentPostprocessing = 0;
		};
/* End PBXResourcesBuildPhase section */

/* Begin PBXSourcesBuildPhase section */
		05BAB3CE1BA862D700D3891F /* Sources */ = {
			isa = PBXSourcesBuildPhase;
			buildActionMask = 2147483647;
			files = (
			);
			runOnlyForDeploymentPostprocessing = 0;
		};
		05ED59891BA8635000F34271 /* Sources */ = {
			isa = PBXSourcesBuildPhase;
			buildActionMask = 2147483647;
			files = (
				05ED59901BA8635000F34271 /* main.swift in Sources */,
			);
			runOnlyForDeploymentPostprocessing = 0;
		};
/* End PBXSourcesBuildPhase section */

/* Begin PBXTargetDependency section */
		0527807F1BA8673300A57197 /* PBXTargetDependency */ = {
			isa = PBXTargetDependency;
			target = 05BAB3D11BA862D700D3891F /* JSRunner */;
			targetProxy = 0527807E1BA8673300A57197 /* PBXContainerItemProxy */;
		};
		05ED59951BA8635C00F34271 /* PBXTargetDependency */ = {
			isa = PBXTargetDependency;
			target = 05ED598C1BA8635000F34271 /* JSRunnerExec */;
			targetProxy = 05ED59941BA8635C00F34271 /* PBXContainerItemProxy */;
		};
/* End PBXTargetDependency section */

/* Begin XCBuildConfiguration section */
		0527807C1BA8672A00A57197 /* Debug */ = {
			isa = XCBuildConfiguration;
			buildSettings = {
				DEBUGGING_SYMBOLS = YES;
				DEBUG_INFORMATION_FORMAT = dwarf;
				GCC_GENERATE_DEBUGGING_SYMBOLS = YES;
				GCC_OPTIMIZATION_LEVEL = 0;
				OTHER_CFLAGS = "";
				OTHER_LDFLAGS = "";
				PRODUCT_NAME = "$(TARGET_NAME)";
			};
			name = Debug;
		};
		0527807D1BA8672A00A57197 /* Release */ = {
			isa = XCBuildConfiguration;
			buildSettings = {
				DEBUG_INFORMATION_FORMAT = "dwarf-with-dsym";
				OTHER_CFLAGS = "";
				OTHER_LDFLAGS = "";
				PRODUCT_NAME = "$(TARGET_NAME)";
			};
			name = Release;
		};
		05BAB3D61BA862D700D3891F /* Debug */ = {
			isa = XCBuildConfiguration;
			buildSettings = {
				ALWAYS_SEARCH_USER_PATHS = NO;
				CLANG_CXX_LANGUAGE_STANDARD = "gnu++0x";
				CLANG_CXX_LIBRARY = "libc++";
				CLANG_ENABLE_MODULES = YES;
				CLANG_ENABLE_OBJC_ARC = YES;
				CLANG_WARN_BOOL_CONVERSION = YES;
				CLANG_WARN_CONSTANT_CONVERSION = YES;
				CLANG_WARN_DIRECT_OBJC_ISA_USAGE = YES_ERROR;
				CLANG_WARN_EMPTY_BODY = YES;
				CLANG_WARN_ENUM_CONVERSION = YES;
				CLANG_WARN_INT_CONVERSION = YES;
				CLANG_WARN_OBJC_ROOT_CLASS = YES_ERROR;
				CLANG_WARN_UNREACHABLE_CODE = YES;
				CLANG_WARN__DUPLICATE_METHOD_MATCH = YES;
				COPY_PHASE_STRIP = NO;
				DEBUG_INFORMATION_FORMAT = dwarf;
				ENABLE_STRICT_OBJC_MSGSEND = YES;
				ENABLE_TESTABILITY = YES;
				GCC_C_LANGUAGE_STANDARD = gnu99;
				GCC_DYNAMIC_NO_PIC = NO;
				GCC_NO_COMMON_BLOCKS = YES;
				GCC_OPTIMIZATION_LEVEL = 0;
				GCC_PREPROCESSOR_DEFINITIONS = (
					"DEBUG=1",
					"$(inherited)",
				);
				GCC_WARN_64_TO_32_BIT_CONVERSION = YES;
				GCC_WARN_ABOUT_RETURN_TYPE = YES_ERROR;
				GCC_WARN_UNDECLARED_SELECTOR = YES;
				GCC_WARN_UNINITIALIZED_AUTOS = YES_AGGRESSIVE;
				GCC_WARN_UNUSED_FUNCTION = YES;
				GCC_WARN_UNUSED_VARIABLE = YES;
				MACOSX_DEPLOYMENT_TARGET = 10.10;
				MTL_ENABLE_DEBUG_INFO = YES;
				ONLY_ACTIVE_ARCH = YES;
				SDKROOT = macosx;
			};
			name = Debug;
		};
		05BAB3D71BA862D700D3891F /* Release */ = {
			isa = XCBuildConfiguration;
			buildSettings = {
				ALWAYS_SEARCH_USER_PATHS = NO;
				CLANG_CXX_LANGUAGE_STANDARD = "gnu++0x";
				CLANG_CXX_LIBRARY = "libc++";
				CLANG_ENABLE_MODULES = YES;
				CLANG_ENABLE_OBJC_ARC = YES;
				CLANG_WARN_BOOL_CONVERSION = YES;
				CLANG_WARN_CONSTANT_CONVERSION = YES;
				CLANG_WARN_DIRECT_OBJC_ISA_USAGE = YES_ERROR;
				CLANG_WARN_EMPTY_BODY = YES;
				CLANG_WARN_ENUM_CONVERSION = YES;
				CLANG_WARN_INT_CONVERSION = YES;
				CLANG_WARN_OBJC_ROOT_CLASS = YES_ERROR;
				CLANG_WARN_UNREACHABLE_CODE = YES;
				CLANG_WARN__DUPLICATE_METHOD_MATCH = YES;
				COPY_PHASE_STRIP = NO;
				DEBUG_INFORMATION_FORMAT = "dwarf-with-dsym";
				ENABLE_NS_ASSERTIONS = NO;
				ENABLE_STRICT_OBJC_MSGSEND = YES;
				GCC_C_LANGUAGE_STANDARD = gnu99;
				GCC_NO_COMMON_BLOCKS = YES;
				GCC_WARN_64_TO_32_BIT_CONVERSION = YES;
				GCC_WARN_ABOUT_RETURN_TYPE = YES_ERROR;
				GCC_WARN_UNDECLARED_SELECTOR = YES;
				GCC_WARN_UNINITIALIZED_AUTOS = YES_AGGRESSIVE;
				GCC_WARN_UNUSED_FUNCTION = YES;
				GCC_WARN_UNUSED_VARIABLE = YES;
				MACOSX_DEPLOYMENT_TARGET = 10.10;
				MTL_ENABLE_DEBUG_INFO = NO;
				SDKROOT = macosx;
			};
			name = Release;
		};
		05BAB3D91BA862D700D3891F /* Debug */ = {
			isa = XCBuildConfiguration;
			buildSettings = {
				COMBINE_HIDPI_IMAGES = YES;
				EMBEDDED_CONTENT_CONTAINS_SWIFT = YES;
				INFOPLIST_FILE = Info.plist;
				INSTALL_PATH = "$(HOME)/Library/Bundles";
				PRODUCT_BUNDLE_IDENTIFIER = "steel-wheels-project.JSRunner";
				PRODUCT_NAME = "$(TARGET_NAME)";
				SKIP_INSTALL = NO;
				WRAPPER_EXTENSION = bundle;
			};
			name = Debug;
		};
		05BAB3DA1BA862D700D3891F /* Release */ = {
			isa = XCBuildConfiguration;
			buildSettings = {
				COMBINE_HIDPI_IMAGES = YES;
				EMBEDDED_CONTENT_CONTAINS_SWIFT = YES;
				INFOPLIST_FILE = Info.plist;
				INSTALL_PATH = "$(HOME)/Library/Bundles";
				PRODUCT_BUNDLE_IDENTIFIER = "steel-wheels-project.JSRunner";
				PRODUCT_NAME = "$(TARGET_NAME)";
				SKIP_INSTALL = NO;
				WRAPPER_EXTENSION = bundle;
			};
			name = Release;
		};
		05ED59921BA8635000F34271 /* Debug */ = {
			isa = XCBuildConfiguration;
			buildSettings = {
				FRAMEWORK_SEARCH_PATHS = (
					"$(inherited)",
					"$(USER_LIBRARY_DIR)/Frameworks",
				);
				INSTALL_PATH = "$(HOME)/Tools/bin";
				LD_RUNPATH_SEARCH_PATHS = "$(inherited) @executable_path/../Frameworks @executable_path/JSRunner.bundle/Contents/Frameworks";
				PRODUCT_NAME = "$(TARGET_NAME)";
				SKIP_INSTALL = YES;
				SWIFT_OPTIMIZATION_LEVEL = "-Onone";
			};
			name = Debug;
		};
		05ED59931BA8635000F34271 /* Release */ = {
			isa = XCBuildConfiguration;
			buildSettings = {
				FRAMEWORK_SEARCH_PATHS = (
					"$(inherited)",
					"$(USER_LIBRARY_DIR)/Frameworks",
				);
				INSTALL_PATH = "$(HOME)/Tools/bin";
				LD_RUNPATH_SEARCH_PATHS = "$(inherited) @executable_path/../Frameworks";
				PRODUCT_NAME = "$(TARGET_NAME)";
				SKIP_INSTALL = YES;
			};
			name = Release;
		};
/* End XCBuildConfiguration section */

/* Begin XCConfigurationList section */
		0527807B1BA8672A00A57197 /* Build configuration list for PBXLegacyTarget "Install" */ = {
			isa = XCConfigurationList;
			buildConfigurations = (
				0527807C1BA8672A00A57197 /* Debug */,
				0527807D1BA8672A00A57197 /* Release */,
			);
			defaultConfigurationIsVisible = 0;
		};
		05BAB3CD1BA862D700D3891F /* Build configuration list for PBXProject "JSRunner" */ = {
			isa = XCConfigurationList;
			buildConfigurations = (
				05BAB3D61BA862D700D3891F /* Debug */,
				05BAB3D71BA862D700D3891F /* Release */,
			);
			defaultConfigurationIsVisible = 0;
			defaultConfigurationName = Release;
		};
		05BAB3D81BA862D700D3891F /* Build configuration list for PBXNativeTarget "JSRunner" */ = {
			isa = XCConfigurationList;
			buildConfigurations = (
				05BAB3D91BA862D700D3891F /* Debug */,
				05BAB3DA1BA862D700D3891F /* Release */,
			);
			defaultConfigurationIsVisible = 0;
			defaultConfigurationName = Release;
		};
		05ED59911BA8635000F34271 /* Build configuration list for PBXNativeTarget "JSRunnerExec" */ = {
			isa = XCConfigurationList;
			buildConfigurations = (
				05ED59921BA8635000F34271 /* Debug */,
				05ED59931BA8635000F34271 /* Release */,
			);
			defaultConfigurationIsVisible = 0;
			defaultConfigurationName = Release;
		};
/* End XCConfigurationList section */
	};
	rootObject = 05BAB3CA1BA862D600D3891F /* Project object */;
}
