// !$*UTF8*$!
{
	archiveVersion = 1;
	classes = {
	};
	objectVersion = 46;
	objects = {

/* Begin PBXBuildFile section */
		0556B7081BA5C91500C3EF1B /* Canary.framework in CopyFiles */ = {isa = PBXBuildFile; fileRef = 0556B7071BA5C91500C3EF1B /* Canary.framework */; settings = {ATTRIBUTES = (CodeSignOnCopy, RemoveHeadersOnCopy, ); }; };
		0556B70A1BA5C92900C3EF1B /* KiwiEngine.framework in CopyFiles */ = {isa = PBXBuildFile; fileRef = 0556B7091BA5C92900C3EF1B /* KiwiEngine.framework */; settings = {ATTRIBUTES = (CodeSignOnCopy, RemoveHeadersOnCopy, ); }; };
		0556B70C1BA5C93900C3EF1B /* KSStdLib.framework in CopyFiles */ = {isa = PBXBuildFile; fileRef = 0556B70B1BA5C93900C3EF1B /* KSStdLib.framework */; settings = {ATTRIBUTES = (CodeSignOnCopy, RemoveHeadersOnCopy, ); }; };
		0556B70E1BA5CC5F00C3EF1B /* JSRunnerExec in CopyFiles */ = {isa = PBXBuildFile; fileRef = 0556B70D1BA5CC5F00C3EF1B /* JSRunnerExec */; settings = {ATTRIBUTES = (CodeSignOnCopy, ); }; };
		05A90DE91BA5AAB400B09B4D /* main.swift in Sources */ = {isa = PBXBuildFile; fileRef = 05A90DE81BA5AAB400B09B4D /* main.swift */; };
		05A90DF11BA5AB4500B09B4D /* Canary.framework in Frameworks */ = {isa = PBXBuildFile; fileRef = 05A90DF01BA5AB4500B09B4D /* Canary.framework */; };
		05A90DF31BA5AB6300B09B4D /* KSStdLib.framework in Frameworks */ = {isa = PBXBuildFile; fileRef = 05A90DF21BA5AB6300B09B4D /* KSStdLib.framework */; };
		05A90DF51BA5AB7E00B09B4D /* KiwiEngine.framework in Frameworks */ = {isa = PBXBuildFile; fileRef = 05A90DF41BA5AB7E00B09B4D /* KiwiEngine.framework */; };
/* End PBXBuildFile section */

/* Begin PBXContainerItemProxy section */
		0504937E1BA5AD4C00CAEAEF /* PBXContainerItemProxy */ = {
			isa = PBXContainerItemProxy;
			containerPortal = 05A90DDD1BA5AAB400B09B4D /* Project object */;
			proxyType = 1;
			remoteGlobalIDString = 05A90DE41BA5AAB400B09B4D;
			remoteInfo = JSRunnerExec;
		};
		05D7BE551BA71F2500D941F3 /* PBXContainerItemProxy */ = {
			isa = PBXContainerItemProxy;
			containerPortal = 05A90DDD1BA5AAB400B09B4D /* Project object */;
			proxyType = 1;
			remoteGlobalIDString = 050493771BA5AD1B00CAEAEF;
			remoteInfo = JSRunner;
		};
/* End PBXContainerItemProxy section */

/* Begin PBXCopyFilesBuildPhase section */
		0556B7041BA5C8E400C3EF1B /* CopyFiles */ = {
			isa = PBXCopyFilesBuildPhase;
			buildActionMask = 2147483647;
			dstPath = "";
			dstSubfolderSpec = 6;
			files = (
				0556B70E1BA5CC5F00C3EF1B /* JSRunnerExec in CopyFiles */,
			);
			runOnlyForDeploymentPostprocessing = 0;
		};
		0556B7061BA5C8F800C3EF1B /* CopyFiles */ = {
			isa = PBXCopyFilesBuildPhase;
			buildActionMask = 2147483647;
			dstPath = "";
			dstSubfolderSpec = 10;
			files = (
				0556B70C1BA5C93900C3EF1B /* KSStdLib.framework in CopyFiles */,
				0556B70A1BA5C92900C3EF1B /* KiwiEngine.framework in CopyFiles */,
				0556B7081BA5C91500C3EF1B /* Canary.framework in CopyFiles */,
			);
			runOnlyForDeploymentPostprocessing = 0;
		};
		05A90DE31BA5AAB400B09B4D /* CopyFiles */ = {
			isa = PBXCopyFilesBuildPhase;
			buildActionMask = 2147483647;
			dstPath = /usr/share/man/man1/;
			dstSubfolderSpec = 0;
			files = (
			);
			runOnlyForDeploymentPostprocessing = 1;
		};
/* End PBXCopyFilesBuildPhase section */

/* Begin PBXFileReference section */
		050493781BA5AD1B00CAEAEF /* JSRunner.bundle */ = {isa = PBXFileReference; explicitFileType = wrapper.cfbundle; includeInIndex = 0; path = JSRunner.bundle; sourceTree = BUILT_PRODUCTS_DIR; };
		0504937A1BA5AD1B00CAEAEF /* Info.plist */ = {isa = PBXFileReference; lastKnownFileType = text.plist.xml; path = Info.plist; sourceTree = SOURCE_ROOT; };
		0556B7071BA5C91500C3EF1B /* Canary.framework */ = {isa = PBXFileReference; lastKnownFileType = wrapper.framework; name = Canary.framework; path = /Users/tomoo/Library/Frameworks/Canary.framework; sourceTree = "<absolute>"; };
		0556B7091BA5C92900C3EF1B /* KiwiEngine.framework */ = {isa = PBXFileReference; lastKnownFileType = wrapper.framework; name = KiwiEngine.framework; path = /Users/tomoo/Library/Frameworks/KiwiEngine.framework; sourceTree = "<absolute>"; };
		0556B70B1BA5C93900C3EF1B /* KSStdLib.framework */ = {isa = PBXFileReference; lastKnownFileType = wrapper.framework; name = KSStdLib.framework; path = /Users/tomoo/Library/Frameworks/KSStdLib.framework; sourceTree = "<absolute>"; };
		0556B70D1BA5CC5F00C3EF1B /* JSRunnerExec */ = {isa = PBXFileReference; lastKnownFileType = "compiled.mach-o.executable"; name = JSRunnerExec; path = "../../../../build/DerivedData/JSRunner-amtfiqvuiwtlbnghaewbewimzdpi/Build/Products/Debug/JSRunnerExec"; sourceTree = "<group>"; };
		05A90DE51BA5AAB400B09B4D /* JSRunnerExec */ = {isa = PBXFileReference; explicitFileType = "compiled.mach-o.executable"; includeInIndex = 0; path = JSRunnerExec; sourceTree = BUILT_PRODUCTS_DIR; };
		05A90DE81BA5AAB400B09B4D /* main.swift */ = {isa = PBXFileReference; lastKnownFileType = sourcecode.swift; path = main.swift; sourceTree = "<group>"; };
		05A90DF01BA5AB4500B09B4D /* Canary.framework */ = {isa = PBXFileReference; lastKnownFileType = wrapper.framework; name = Canary.framework; path = ../../../../Library/Frameworks/Canary.framework; sourceTree = "<group>"; };
		05A90DF21BA5AB6300B09B4D /* KSStdLib.framework */ = {isa = PBXFileReference; lastKnownFileType = wrapper.framework; name = KSStdLib.framework; path = ../../../../Library/Frameworks/KSStdLib.framework; sourceTree = "<group>"; };
		05A90DF41BA5AB7E00B09B4D /* KiwiEngine.framework */ = {isa = PBXFileReference; lastKnownFileType = wrapper.framework; name = KiwiEngine.framework; path = ../../../../Library/Frameworks/KiwiEngine.framework; sourceTree = "<group>"; };
/* End PBXFileReference section */

/* Begin PBXFrameworksBuildPhase section */
		050493751BA5AD1B00CAEAEF /* Frameworks */ = {
			isa = PBXFrameworksBuildPhase;
			buildActionMask = 2147483647;
			files = (
			);
			runOnlyForDeploymentPostprocessing = 0;
		};
		05A90DE21BA5AAB400B09B4D /* Frameworks */ = {
			isa = PBXFrameworksBuildPhase;
			buildActionMask = 2147483647;
			files = (
				05A90DF31BA5AB6300B09B4D /* KSStdLib.framework in Frameworks */,
				05A90DF11BA5AB4500B09B4D /* Canary.framework in Frameworks */,
				05A90DF51BA5AB7E00B09B4D /* KiwiEngine.framework in Frameworks */,
			);
			runOnlyForDeploymentPostprocessing = 0;
		};
/* End PBXFrameworksBuildPhase section */

/* Begin PBXGroup section */
		050493791BA5AD1B00CAEAEF /* JSRunner */ = {
			isa = PBXGroup;
			children = (
				0504937A1BA5AD1B00CAEAEF /* Info.plist */,
				0556B70B1BA5C93900C3EF1B /* KSStdLib.framework */,
				0556B7091BA5C92900C3EF1B /* KiwiEngine.framework */,
				0556B7071BA5C91500C3EF1B /* Canary.framework */,
			);
			path = JSRunner;
			sourceTree = "<group>";
		};
		05A90DDC1BA5AAB400B09B4D = {
			isa = PBXGroup;
			children = (
				05A90DE71BA5AAB400B09B4D /* Source */,
				050493791BA5AD1B00CAEAEF /* JSRunner */,
				05A90DE61BA5AAB400B09B4D /* Products */,
				0556B70D1BA5CC5F00C3EF1B /* JSRunnerExec */,
			);
			sourceTree = "<group>";
		};
		05A90DE61BA5AAB400B09B4D /* Products */ = {
			isa = PBXGroup;
			children = (
				05A90DE51BA5AAB400B09B4D /* JSRunnerExec */,
				050493781BA5AD1B00CAEAEF /* JSRunner.bundle */,
			);
			name = Products;
			sourceTree = "<group>";
		};
		05A90DE71BA5AAB400B09B4D /* Source */ = {
			isa = PBXGroup;
			children = (
				05A90DE81BA5AAB400B09B4D /* main.swift */,
				05A90DEF1BA5AB0300B09B4D /* Supporting Files */,
			);
			name = Source;
			path = ../Source;
			sourceTree = SOURCE_ROOT;
		};
		05A90DEF1BA5AB0300B09B4D /* Supporting Files */ = {
			isa = PBXGroup;
			children = (
				05A90DF41BA5AB7E00B09B4D /* KiwiEngine.framework */,
				05A90DF21BA5AB6300B09B4D /* KSStdLib.framework */,
				05A90DF01BA5AB4500B09B4D /* Canary.framework */,
			);
			name = "Supporting Files";
			sourceTree = "<group>";
		};
/* End PBXGroup section */

/* Begin PBXLegacyTarget section */
		05D7BE511BA71F1B00D941F3 /* Install */ = {
			isa = PBXLegacyTarget;
			buildArgumentsString = "-f ../../Script/install_osx.mk";
			buildConfigurationList = 05D7BE541BA71F1B00D941F3 /* Build configuration list for PBXLegacyTarget "Install" */;
			buildPhases = (
			);
			buildToolPath = /usr/bin/make;
			buildWorkingDirectory = "";
			dependencies = (
				05D7BE561BA71F2500D941F3 /* PBXTargetDependency */,
			);
			name = Install;
			passBuildSettingsInEnvironment = 1;
			productName = Install;
		};
/* End PBXLegacyTarget section */

/* Begin PBXNativeTarget section */
		050493771BA5AD1B00CAEAEF /* JSRunner */ = {
			isa = PBXNativeTarget;
			buildConfigurationList = 0504937B1BA5AD1B00CAEAEF /* Build configuration list for PBXNativeTarget "JSRunner" */;
			buildPhases = (
				050493741BA5AD1B00CAEAEF /* Sources */,
				050493751BA5AD1B00CAEAEF /* Frameworks */,
				050493761BA5AD1B00CAEAEF /* Resources */,
				0556B7041BA5C8E400C3EF1B /* CopyFiles */,
				0556B7061BA5C8F800C3EF1B /* CopyFiles */,
			);
			buildRules = (
			);
			dependencies = (
				0504937F1BA5AD4C00CAEAEF /* PBXTargetDependency */,
			);
			name = JSRunner;
			productName = JSRunner;
			productReference = 050493781BA5AD1B00CAEAEF /* JSRunner.bundle */;
			productType = "com.apple.product-type.bundle";
		};
		05A90DE41BA5AAB400B09B4D /* JSRunnerExec */ = {
			isa = PBXNativeTarget;
			buildConfigurationList = 05A90DEC1BA5AAB400B09B4D /* Build configuration list for PBXNativeTarget "JSRunnerExec" */;
			buildPhases = (
				05A90DE11BA5AAB400B09B4D /* Sources */,
				05A90DE21BA5AAB400B09B4D /* Frameworks */,
				05A90DE31BA5AAB400B09B4D /* CopyFiles */,
			);
			buildRules = (
			);
			dependencies = (
			);
			name = JSRunnerExec;
			productName = JSRunner;
			productReference = 05A90DE51BA5AAB400B09B4D /* JSRunnerExec */;
			productType = "com.apple.product-type.tool";
		};
/* End PBXNativeTarget section */

/* Begin PBXProject section */
		05A90DDD1BA5AAB400B09B4D /* Project object */ = {
			isa = PBXProject;
			attributes = {
				LastSwiftMigration = 0700;
				LastSwiftUpdateCheck = 0700;
				LastUpgradeCheck = 0640;
				ORGANIZATIONNAME = "Steel Wheels Project";
				TargetAttributes = {
					050493771BA5AD1B00CAEAEF = {
						CreatedOnToolsVersion = 7.0;
					};
					05A90DE41BA5AAB400B09B4D = {
						CreatedOnToolsVersion = 6.4;
					};
					05D7BE511BA71F1B00D941F3 = {
						CreatedOnToolsVersion = 7.0;
					};
				};
			};
			buildConfigurationList = 05A90DE01BA5AAB400B09B4D /* Build configuration list for PBXProject "JSRunner" */;
			compatibilityVersion = "Xcode 3.2";
			developmentRegion = English;
			hasScannedForEncodings = 0;
			knownRegions = (
				en,
			);
			mainGroup = 05A90DDC1BA5AAB400B09B4D;
			productRefGroup = 05A90DE61BA5AAB400B09B4D /* Products */;
			projectDirPath = "";
			projectRoot = "";
			targets = (
				05A90DE41BA5AAB400B09B4D /* JSRunnerExec */,
				050493771BA5AD1B00CAEAEF /* JSRunner */,
				05D7BE511BA71F1B00D941F3 /* Install */,
			);
		};
/* End PBXProject section */

/* Begin PBXResourcesBuildPhase section */
		050493761BA5AD1B00CAEAEF /* Resources */ = {
			isa = PBXResourcesBuildPhase;
			buildActionMask = 2147483647;
			files = (
			);
			runOnlyForDeploymentPostprocessing = 0;
		};
/* End PBXResourcesBuildPhase section */

/* Begin PBXSourcesBuildPhase section */
		050493741BA5AD1B00CAEAEF /* Sources */ = {
			isa = PBXSourcesBuildPhase;
			buildActionMask = 2147483647;
			files = (
			);
			runOnlyForDeploymentPostprocessing = 0;
		};
		05A90DE11BA5AAB400B09B4D /* Sources */ = {
			isa = PBXSourcesBuildPhase;
			buildActionMask = 2147483647;
			files = (
				05A90DE91BA5AAB400B09B4D /* main.swift in Sources */,
			);
			runOnlyForDeploymentPostprocessing = 0;
		};
/* End PBXSourcesBuildPhase section */

/* Begin PBXTargetDependency section */
		0504937F1BA5AD4C00CAEAEF /* PBXTargetDependency */ = {
			isa = PBXTargetDependency;
			target = 05A90DE41BA5AAB400B09B4D /* JSRunnerExec */;
			targetProxy = 0504937E1BA5AD4C00CAEAEF /* PBXContainerItemProxy */;
		};
		05D7BE561BA71F2500D941F3 /* PBXTargetDependency */ = {
			isa = PBXTargetDependency;
			target = 050493771BA5AD1B00CAEAEF /* JSRunner */;
			targetProxy = 05D7BE551BA71F2500D941F3 /* PBXContainerItemProxy */;
		};
/* End PBXTargetDependency section */

/* Begin XCBuildConfiguration section */
		0504937C1BA5AD1B00CAEAEF /* Debug */ = {
			isa = XCBuildConfiguration;
			buildSettings = {
				COMBINE_HIDPI_IMAGES = YES;
				EMBEDDED_CONTENT_CONTAINS_SWIFT = YES;
				ENABLE_TESTABILITY = YES;
				GCC_OPTIMIZATION_LEVEL = 2;
				INFOPLIST_FILE = Info.plist;
				INSTALL_PATH = "$(HOME)/Tools/Bundles";
				PRODUCT_BUNDLE_IDENTIFIER = "steel-wheels-project.JSRunner";
				PRODUCT_NAME = "$(TARGET_NAME)";
				SKIP_INSTALL = NO;
				SWIFT_OPTIMIZATION_LEVEL = "-O";
				WRAPPER_EXTENSION = bundle;
			};
			name = Debug;
		};
		0504937D1BA5AD1B00CAEAEF /* Release */ = {
			isa = XCBuildConfiguration;
			buildSettings = {
				COMBINE_HIDPI_IMAGES = YES;
				EMBEDDED_CONTENT_CONTAINS_SWIFT = YES;
				GCC_OPTIMIZATION_LEVEL = 2;
				INFOPLIST_FILE = Info.plist;
				INSTALL_PATH = "$(HOME)/Tools/Bundles";
				PRODUCT_BUNDLE_IDENTIFIER = "steel-wheels-project.JSRunner";
				PRODUCT_NAME = "$(TARGET_NAME)";
				SKIP_INSTALL = NO;
				WRAPPER_EXTENSION = bundle;
			};
			name = Release;
		};
		05A90DEA1BA5AAB400B09B4D /* Debug */ = {
			isa = XCBuildConfiguration;
			buildSettings = {
				ALWAYS_SEARCH_USER_PATHS = NO;
				CLANG_CXX_LANGUAGE_STANDARD = "gnu++0x";
				CLANG_CXX_LIBRARY = "libc++";
				CLANG_ENABLE_MODULES = YES;
				CLANG_ENABLE_OBJC_ARC = YES;
				CLANG_WARN_BOOL_CONVERSION = YES;
				CLANG_WARN_CONSTANT_CONVERSION = YES;
				CLANG_WARN_DIRECT_OBJC_ISA_USAGE = YES_ERROR;
				CLANG_WARN_EMPTY_BODY = YES;
				CLANG_WARN_ENUM_CONVERSION = YES;
				CLANG_WARN_INT_CONVERSION = YES;
				CLANG_WARN_OBJC_ROOT_CLASS = YES_ERROR;
				CLANG_WARN_UNREACHABLE_CODE = YES;
				CLANG_WARN__DUPLICATE_METHOD_MATCH = YES;
				COPY_PHASE_STRIP = NO;
				DEBUG_INFORMATION_FORMAT = dwarf;
				ENABLE_STRICT_OBJC_MSGSEND = YES;
				GCC_C_LANGUAGE_STANDARD = gnu99;
				GCC_DYNAMIC_NO_PIC = NO;
				GCC_NO_COMMON_BLOCKS = YES;
				GCC_OPTIMIZATION_LEVEL = 0;
				GCC_PREPROCESSOR_DEFINITIONS = (
					"DEBUG=1",
					"$(inherited)",
				);
				GCC_SYMBOLS_PRIVATE_EXTERN = NO;
				GCC_WARN_64_TO_32_BIT_CONVERSION = YES;
				GCC_WARN_ABOUT_RETURN_TYPE = YES_ERROR;
				GCC_WARN_UNDECLARED_SELECTOR = YES;
				GCC_WARN_UNINITIALIZED_AUTOS = YES_AGGRESSIVE;
				GCC_WARN_UNUSED_FUNCTION = YES;
				GCC_WARN_UNUSED_VARIABLE = YES;
				MACOSX_DEPLOYMENT_TARGET = 10.10;
				MTL_ENABLE_DEBUG_INFO = YES;
				ONLY_ACTIVE_ARCH = YES;
				SDKROOT = macosx;
				SWIFT_OPTIMIZATION_LEVEL = "-Onone";
			};
			name = Debug;
		};
		05A90DEB1BA5AAB400B09B4D /* Release */ = {
			isa = XCBuildConfiguration;
			buildSettings = {
				ALWAYS_SEARCH_USER_PATHS = NO;
				CLANG_CXX_LANGUAGE_STANDARD = "gnu++0x";
				CLANG_CXX_LIBRARY = "libc++";
				CLANG_ENABLE_MODULES = YES;
				CLANG_ENABLE_OBJC_ARC = YES;
				CLANG_WARN_BOOL_CONVERSION = YES;
				CLANG_WARN_CONSTANT_CONVERSION = YES;
				CLANG_WARN_DIRECT_OBJC_ISA_USAGE = YES_ERROR;
				CLANG_WARN_EMPTY_BODY = YES;
				CLANG_WARN_ENUM_CONVERSION = YES;
				CLANG_WARN_INT_CONVERSION = YES;
				CLANG_WARN_OBJC_ROOT_CLASS = YES_ERROR;
				CLANG_WARN_UNREACHABLE_CODE = YES;
				CLANG_WARN__DUPLICATE_METHOD_MATCH = YES;
				COPY_PHASE_STRIP = NO;
				DEBUG_INFORMATION_FORMAT = "dwarf-with-dsym";
				ENABLE_NS_ASSERTIONS = NO;
				ENABLE_STRICT_OBJC_MSGSEND = YES;
				GCC_C_LANGUAGE_STANDARD = gnu99;
				GCC_NO_COMMON_BLOCKS = YES;
				GCC_WARN_64_TO_32_BIT_CONVERSION = YES;
				GCC_WARN_ABOUT_RETURN_TYPE = YES_ERROR;
				GCC_WARN_UNDECLARED_SELECTOR = YES;
				GCC_WARN_UNINITIALIZED_AUTOS = YES_AGGRESSIVE;
				GCC_WARN_UNUSED_FUNCTION = YES;
				GCC_WARN_UNUSED_VARIABLE = YES;
				MACOSX_DEPLOYMENT_TARGET = 10.10;
				MTL_ENABLE_DEBUG_INFO = NO;
				SDKROOT = macosx;
			};
			name = Release;
		};
		05A90DED1BA5AAB400B09B4D /* Debug */ = {
			isa = XCBuildConfiguration;
			buildSettings = {
				FRAMEWORK_SEARCH_PATHS = (
					"$(inherited)",
					"$(USER_LIBRARY_DIR)/Frameworks",
				);
				LD_RUNPATH_SEARCH_PATHS = "@loader_path/../Frameworks @executable_path/..//Frameworks";
				PRODUCT_NAME = "$(TARGET_NAME)";
			};
			name = Debug;
		};
		05A90DEE1BA5AAB400B09B4D /* Release */ = {
			isa = XCBuildConfiguration;
			buildSettings = {
				FRAMEWORK_SEARCH_PATHS = (
					"$(inherited)",
					"$(USER_LIBRARY_DIR)/Frameworks",
				);
				LD_RUNPATH_SEARCH_PATHS = "@loader_path/../Frameworks @executable_path/..//Frameworks";
				PRODUCT_NAME = "$(TARGET_NAME)";
			};
			name = Release;
		};
		05D7BE521BA71F1B00D941F3 /* Debug */ = {
			isa = XCBuildConfiguration;
			buildSettings = {
				DEBUGGING_SYMBOLS = YES;
				DEBUG_INFORMATION_FORMAT = dwarf;
				ENABLE_TESTABILITY = YES;
				GCC_GENERATE_DEBUGGING_SYMBOLS = YES;
				GCC_OPTIMIZATION_LEVEL = 0;
				OTHER_CFLAGS = "";
				OTHER_LDFLAGS = "";
				PRODUCT_NAME = "$(TARGET_NAME)";
			};
			name = Debug;
		};
		05D7BE531BA71F1B00D941F3 /* Release */ = {
			isa = XCBuildConfiguration;
			buildSettings = {
				DEBUG_INFORMATION_FORMAT = "dwarf-with-dsym";
				OTHER_CFLAGS = "";
				OTHER_LDFLAGS = "";
				PRODUCT_NAME = "$(TARGET_NAME)";
			};
			name = Release;
		};
/* End XCBuildConfiguration section */

/* Begin XCConfigurationList section */
		0504937B1BA5AD1B00CAEAEF /* Build configuration list for PBXNativeTarget "JSRunner" */ = {
			isa = XCConfigurationList;
			buildConfigurations = (
				0504937C1BA5AD1B00CAEAEF /* Debug */,
				0504937D1BA5AD1B00CAEAEF /* Release */,
			);
			defaultConfigurationIsVisible = 0;
			defaultConfigurationName = Release;
		};
		05A90DE01BA5AAB400B09B4D /* Build configuration list for PBXProject "JSRunner" */ = {
			isa = XCConfigurationList;
			buildConfigurations = (
				05A90DEA1BA5AAB400B09B4D /* Debug */,
				05A90DEB1BA5AAB400B09B4D /* Release */,
			);
			defaultConfigurationIsVisible = 0;
			defaultConfigurationName = Release;
		};
		05A90DEC1BA5AAB400B09B4D /* Build configuration list for PBXNativeTarget "JSRunnerExec" */ = {
			isa = XCConfigurationList;
			buildConfigurations = (
				05A90DED1BA5AAB400B09B4D /* Debug */,
				05A90DEE1BA5AAB400B09B4D /* Release */,
			);
			defaultConfigurationIsVisible = 0;
			defaultConfigurationName = Release;
		};
		05D7BE541BA71F1B00D941F3 /* Build configuration list for PBXLegacyTarget "Install" */ = {
			isa = XCConfigurationList;
			buildConfigurations = (
				05D7BE521BA71F1B00D941F3 /* Debug */,
				05D7BE531BA71F1B00D941F3 /* Release */,
			);
			defaultConfigurationIsVisible = 0;
		};
/* End XCConfigurationList section */
	};
	rootObject = 05A90DDD1BA5AAB400B09B4D /* Project object */;
}
