// !$*UTF8*$!
{
	archiveVersion = 1;
	classes = {
	};
	objectVersion = 46;
	objects = {

/* Begin PBXBuildFile section */
		051F91061B78720A00D13E2B /* KLConsole.swift in Sources */ = {isa = PBXBuildFile; fileRef = 051F91051B78720A00D13E2B /* KLConsole.swift */; };
		051F91081B78809D00D13E2B /* KLGUIConsole.swift in Sources */ = {isa = PBXBuildFile; fileRef = 051F91071B78809D00D13E2B /* KLGUIConsole.swift */; };
		051F910A1B78810200D13E2B /* KCConsoleView.framework in Frameworks */ = {isa = PBXBuildFile; fileRef = 051F91091B78810200D13E2B /* KCConsoleView.framework */; };
		05F40CDD1B786FF400F0ECC9 /* KLConsole.h in Headers */ = {isa = PBXBuildFile; fileRef = 05F40CDC1B786FF400F0ECC9 /* KLConsole.h */; settings = {ATTRIBUTES = (Public, ); }; };
/* End PBXBuildFile section */

/* Begin PBXFileReference section */
		051F91051B78720A00D13E2B /* KLConsole.swift */ = {isa = PBXFileReference; fileEncoding = 4; lastKnownFileType = sourcecode.swift; path = KLConsole.swift; sourceTree = "<group>"; };
		051F91071B78809D00D13E2B /* KLGUIConsole.swift */ = {isa = PBXFileReference; fileEncoding = 4; lastKnownFileType = sourcecode.swift; path = KLGUIConsole.swift; sourceTree = "<group>"; };
		051F91091B78810200D13E2B /* KCConsoleView.framework */ = {isa = PBXFileReference; lastKnownFileType = wrapper.framework; name = KCConsoleView.framework; path = ../../../../../Library/Frameworks/KCConsoleView.framework; sourceTree = "<group>"; };
		05F40CD71B786FF400F0ECC9 /* KLConsole.framework */ = {isa = PBXFileReference; explicitFileType = wrapper.framework; includeInIndex = 0; path = KLConsole.framework; sourceTree = BUILT_PRODUCTS_DIR; };
		05F40CDB1B786FF400F0ECC9 /* Info.plist */ = {isa = PBXFileReference; lastKnownFileType = text.plist.xml; path = Info.plist; sourceTree = SOURCE_ROOT; };
		05F40CDC1B786FF400F0ECC9 /* KLConsole.h */ = {isa = PBXFileReference; lastKnownFileType = sourcecode.c.h; path = KLConsole.h; sourceTree = "<group>"; };
/* End PBXFileReference section */

/* Begin PBXFrameworksBuildPhase section */
		05F40CD31B786FF400F0ECC9 /* Frameworks */ = {
			isa = PBXFrameworksBuildPhase;
			buildActionMask = 2147483647;
			files = (
				051F910A1B78810200D13E2B /* KCConsoleView.framework in Frameworks */,
			);
			runOnlyForDeploymentPostprocessing = 0;
		};
/* End PBXFrameworksBuildPhase section */

/* Begin PBXGroup section */
		05F40CCD1B786FF400F0ECC9 = {
			isa = PBXGroup;
			children = (
				05F40CD91B786FF400F0ECC9 /* Source */,
				05F40CD81B786FF400F0ECC9 /* Products */,
			);
			sourceTree = "<group>";
		};
		05F40CD81B786FF400F0ECC9 /* Products */ = {
			isa = PBXGroup;
			children = (
				05F40CD71B786FF400F0ECC9 /* KLConsole.framework */,
			);
			name = Products;
			sourceTree = "<group>";
		};
		05F40CD91B786FF400F0ECC9 /* Source */ = {
			isa = PBXGroup;
			children = (
				05F40CDC1B786FF400F0ECC9 /* KLConsole.h */,
				051F91051B78720A00D13E2B /* KLConsole.swift */,
				051F91071B78809D00D13E2B /* KLGUIConsole.swift */,
				05F40CDA1B786FF400F0ECC9 /* Supporting Files */,
			);
			name = Source;
			path = ../Source;
			sourceTree = SOURCE_ROOT;
		};
		05F40CDA1B786FF400F0ECC9 /* Supporting Files */ = {
			isa = PBXGroup;
			children = (
				051F91091B78810200D13E2B /* KCConsoleView.framework */,
				05F40CDB1B786FF400F0ECC9 /* Info.plist */,
			);
			name = "Supporting Files";
			sourceTree = "<group>";
		};
/* End PBXGroup section */

/* Begin PBXHeadersBuildPhase section */
		05F40CD41B786FF400F0ECC9 /* Headers */ = {
			isa = PBXHeadersBuildPhase;
			buildActionMask = 2147483647;
			files = (
				05F40CDD1B786FF400F0ECC9 /* KLConsole.h in Headers */,
			);
			runOnlyForDeploymentPostprocessing = 0;
		};
/* End PBXHeadersBuildPhase section */

/* Begin PBXNativeTarget section */
		05F40CD61B786FF400F0ECC9 /* KLConsole */ = {
			isa = PBXNativeTarget;
			buildConfigurationList = 05F40CED1B786FF400F0ECC9 /* Build configuration list for PBXNativeTarget "KLConsole" */;
			buildPhases = (
				05F40CD21B786FF400F0ECC9 /* Sources */,
				05F40CD31B786FF400F0ECC9 /* Frameworks */,
				05F40CD41B786FF400F0ECC9 /* Headers */,
				05F40CD51B786FF400F0ECC9 /* Resources */,
			);
			buildRules = (
			);
			dependencies = (
			);
			name = KLConsole;
			productName = KLConsole;
			productReference = 05F40CD71B786FF400F0ECC9 /* KLConsole.framework */;
			productType = "com.apple.product-type.framework";
		};
/* End PBXNativeTarget section */

/* Begin PBXProject section */
		05F40CCE1B786FF400F0ECC9 /* Project object */ = {
			isa = PBXProject;
			attributes = {
				LastUpgradeCheck = 0640;
				ORGANIZATIONNAME = "Steel Wheels Project";
				TargetAttributes = {
					05F40CD61B786FF400F0ECC9 = {
						CreatedOnToolsVersion = 6.4;
					};
				};
			};
			buildConfigurationList = 05F40CD11B786FF400F0ECC9 /* Build configuration list for PBXProject "KLConsole" */;
			compatibilityVersion = "Xcode 3.2";
			developmentRegion = English;
			hasScannedForEncodings = 0;
			knownRegions = (
				en,
			);
			mainGroup = 05F40CCD1B786FF400F0ECC9;
			productRefGroup = 05F40CD81B786FF400F0ECC9 /* Products */;
			projectDirPath = "";
			projectRoot = "";
			targets = (
				05F40CD61B786FF400F0ECC9 /* KLConsole */,
			);
		};
/* End PBXProject section */

/* Begin PBXResourcesBuildPhase section */
		05F40CD51B786FF400F0ECC9 /* Resources */ = {
			isa = PBXResourcesBuildPhase;
			buildActionMask = 2147483647;
			files = (
			);
			runOnlyForDeploymentPostprocessing = 0;
		};
/* End PBXResourcesBuildPhase section */

/* Begin PBXSourcesBuildPhase section */
		05F40CD21B786FF400F0ECC9 /* Sources */ = {
			isa = PBXSourcesBuildPhase;
			buildActionMask = 2147483647;
			files = (
				051F91081B78809D00D13E2B /* KLGUIConsole.swift in Sources */,
				051F91061B78720A00D13E2B /* KLConsole.swift in Sources */,
			);
			runOnlyForDeploymentPostprocessing = 0;
		};
/* End PBXSourcesBuildPhase section */

/* Begin XCBuildConfiguration section */
		05F40CEB1B786FF400F0ECC9 /* Debug */ = {
			isa = XCBuildConfiguration;
			buildSettings = {
				ALWAYS_SEARCH_USER_PATHS = NO;
				CLANG_CXX_LANGUAGE_STANDARD = "gnu++0x";
				CLANG_CXX_LIBRARY = "libc++";
				CLANG_ENABLE_MODULES = YES;
				CLANG_ENABLE_OBJC_ARC = YES;
				CLANG_WARN_BOOL_CONVERSION = YES;
				CLANG_WARN_CONSTANT_CONVERSION = YES;
				CLANG_WARN_DIRECT_OBJC_ISA_USAGE = YES_ERROR;
				CLANG_WARN_EMPTY_BODY = YES;
				CLANG_WARN_ENUM_CONVERSION = YES;
				CLANG_WARN_INT_CONVERSION = YES;
				CLANG_WARN_OBJC_ROOT_CLASS = YES_ERROR;
				CLANG_WARN_UNREACHABLE_CODE = YES;
				CLANG_WARN__DUPLICATE_METHOD_MATCH = YES;
				COPY_PHASE_STRIP = NO;
				CURRENT_PROJECT_VERSION = 1;
				DEBUG_INFORMATION_FORMAT = dwarf;
				ENABLE_STRICT_OBJC_MSGSEND = YES;
				GCC_C_LANGUAGE_STANDARD = gnu99;
				GCC_DYNAMIC_NO_PIC = NO;
				GCC_NO_COMMON_BLOCKS = YES;
				GCC_OPTIMIZATION_LEVEL = 0;
				GCC_PREPROCESSOR_DEFINITIONS = (
					"DEBUG=1",
					"$(inherited)",
				);
				GCC_SYMBOLS_PRIVATE_EXTERN = NO;
				GCC_WARN_64_TO_32_BIT_CONVERSION = YES;
				GCC_WARN_ABOUT_RETURN_TYPE = YES_ERROR;
				GCC_WARN_UNDECLARED_SELECTOR = YES;
				GCC_WARN_UNINITIALIZED_AUTOS = YES_AGGRESSIVE;
				GCC_WARN_UNUSED_FUNCTION = YES;
				GCC_WARN_UNUSED_VARIABLE = YES;
				MACOSX_DEPLOYMENT_TARGET = 10.10;
				MTL_ENABLE_DEBUG_INFO = YES;
				ONLY_ACTIVE_ARCH = YES;
				SDKROOT = macosx;
				SWIFT_OPTIMIZATION_LEVEL = "-Onone";
				VERSIONING_SYSTEM = "apple-generic";
				VERSION_INFO_PREFIX = "";
			};
			name = Debug;
		};
		05F40CEC1B786FF400F0ECC9 /* Release */ = {
			isa = XCBuildConfiguration;
			buildSettings = {
				ALWAYS_SEARCH_USER_PATHS = NO;
				CLANG_CXX_LANGUAGE_STANDARD = "gnu++0x";
				CLANG_CXX_LIBRARY = "libc++";
				CLANG_ENABLE_MODULES = YES;
				CLANG_ENABLE_OBJC_ARC = YES;
				CLANG_WARN_BOOL_CONVERSION = YES;
				CLANG_WARN_CONSTANT_CONVERSION = YES;
				CLANG_WARN_DIRECT_OBJC_ISA_USAGE = YES_ERROR;
				CLANG_WARN_EMPTY_BODY = YES;
				CLANG_WARN_ENUM_CONVERSION = YES;
				CLANG_WARN_INT_CONVERSION = YES;
				CLANG_WARN_OBJC_ROOT_CLASS = YES_ERROR;
				CLANG_WARN_UNREACHABLE_CODE = YES;
				CLANG_WARN__DUPLICATE_METHOD_MATCH = YES;
				COPY_PHASE_STRIP = NO;
				CURRENT_PROJECT_VERSION = 1;
				DEBUG_INFORMATION_FORMAT = "dwarf-with-dsym";
				ENABLE_NS_ASSERTIONS = NO;
				ENABLE_STRICT_OBJC_MSGSEND = YES;
				GCC_C_LANGUAGE_STANDARD = gnu99;
				GCC_NO_COMMON_BLOCKS = YES;
				GCC_WARN_64_TO_32_BIT_CONVERSION = YES;
				GCC_WARN_ABOUT_RETURN_TYPE = YES_ERROR;
				GCC_WARN_UNDECLARED_SELECTOR = YES;
				GCC_WARN_UNINITIALIZED_AUTOS = YES_AGGRESSIVE;
				GCC_WARN_UNUSED_FUNCTION = YES;
				GCC_WARN_UNUSED_VARIABLE = YES;
				MACOSX_DEPLOYMENT_TARGET = 10.10;
				MTL_ENABLE_DEBUG_INFO = NO;
				SDKROOT = macosx;
				VERSIONING_SYSTEM = "apple-generic";
				VERSION_INFO_PREFIX = "";
			};
			name = Release;
		};
		05F40CEE1B786FF400F0ECC9 /* Debug */ = {
			isa = XCBuildConfiguration;
			buildSettings = {
				CLANG_ENABLE_MODULES = YES;
				COMBINE_HIDPI_IMAGES = YES;
				DEFINES_MODULE = YES;
				DYLIB_COMPATIBILITY_VERSION = 1;
				DYLIB_CURRENT_VERSION = 1;
				DYLIB_INSTALL_NAME_BASE = "@rpath";
				FRAMEWORK_SEARCH_PATHS = (
					"$(inherited)",
					"$(USER_LIBRARY_DIR)/Frameworks",
				);
				FRAMEWORK_VERSION = A;
				GCC_OPTIMIZATION_LEVEL = 2;
				INFOPLIST_FILE = Info.plist;
				INSTALL_PATH = "$(LOCAL_LIBRARY_DIR)/Frameworks";
				LD_RUNPATH_SEARCH_PATHS = "$(inherited) @executable_path/../Frameworks @loader_path/Frameworks";
				PRODUCT_NAME = "$(TARGET_NAME)";
				SKIP_INSTALL = YES;
				SWIFT_OPTIMIZATION_LEVEL = "-O";
			};
			name = Debug;
		};
		05F40CEF1B786FF400F0ECC9 /* Release */ = {
			isa = XCBuildConfiguration;
			buildSettings = {
				CLANG_ENABLE_MODULES = YES;
				COMBINE_HIDPI_IMAGES = YES;
				DEFINES_MODULE = YES;
				DYLIB_COMPATIBILITY_VERSION = 1;
				DYLIB_CURRENT_VERSION = 1;
				DYLIB_INSTALL_NAME_BASE = "@rpath";
				FRAMEWORK_SEARCH_PATHS = (
					"$(inherited)",
					"$(USER_LIBRARY_DIR)/Frameworks",
				);
				FRAMEWORK_VERSION = A;
				GCC_OPTIMIZATION_LEVEL = 2;
				INFOPLIST_FILE = Info.plist;
				INSTALL_PATH = "$(LOCAL_LIBRARY_DIR)/Frameworks";
				LD_RUNPATH_SEARCH_PATHS = "$(inherited) @executable_path/../Frameworks @loader_path/Frameworks";
				PRODUCT_NAME = "$(TARGET_NAME)";
				SKIP_INSTALL = YES;
				SWIFT_OPTIMIZATION_LEVEL = "-O";
			};
			name = Release;
		};
/* End XCBuildConfiguration section */

/* Begin XCConfigurationList section */
		05F40CD11B786FF400F0ECC9 /* Build configuration list for PBXProject "KLConsole" */ = {
			isa = XCConfigurationList;
			buildConfigurations = (
				05F40CEB1B786FF400F0ECC9 /* Debug */,
				05F40CEC1B786FF400F0ECC9 /* Release */,
			);
			defaultConfigurationIsVisible = 0;
			defaultConfigurationName = Release;
		};
		05F40CED1B786FF400F0ECC9 /* Build configuration list for PBXNativeTarget "KLConsole" */ = {
			isa = XCConfigurationList;
			buildConfigurations = (
				05F40CEE1B786FF400F0ECC9 /* Debug */,
				05F40CEF1B786FF400F0ECC9 /* Release */,
			);
			defaultConfigurationIsVisible = 0;
			defaultConfigurationName = Release;
		};
/* End XCConfigurationList section */
	};
	rootObject = 05F40CCE1B786FF400F0ECC9 /* Project object */;
}
