// !$*UTF8*$!
{
	archiveVersion = 1;
	classes = {
	};
	objectVersion = 46;
	objects = {

/* Begin PBXBuildFile section */
		0532AE811F43D47900FDE12A /* KSCommandTable.swift in Sources */ = {isa = PBXBuildFile; fileRef = 0532AE801F43D47900FDE12A /* KSCommandTable.swift */; };
		0532AE831F43D54400FDE12A /* KSCommand.swift in Sources */ = {isa = PBXBuildFile; fileRef = 0532AE821F43D54400FDE12A /* KSCommand.swift */; };
		0532AE891F43EFAD00FDE12A /* KSLsCommand.swift in Sources */ = {isa = PBXBuildFile; fileRef = 0532AE881F43EFAD00FDE12A /* KSLsCommand.swift */; };
		0587BA461F43A706002A4B05 /* KiwiShell.h in Headers */ = {isa = PBXBuildFile; fileRef = 0587BA441F43A706002A4B05 /* KiwiShell.h */; settings = {ATTRIBUTES = (Public, ); }; };
		05B9F5AB1F43A887009AEEE7 /* KSShell.swift in Sources */ = {isa = PBXBuildFile; fileRef = 05B9F5AA1F43A887009AEEE7 /* KSShell.swift */; };
		05EDF57D1F44620F00F50D14 /* AppDelegate.swift in Sources */ = {isa = PBXBuildFile; fileRef = 05EDF57C1F44620F00F50D14 /* AppDelegate.swift */; };
		05EDF57F1F44620F00F50D14 /* ViewController.swift in Sources */ = {isa = PBXBuildFile; fileRef = 05EDF57E1F44620F00F50D14 /* ViewController.swift */; };
		05EDF5811F44620F00F50D14 /* Assets.xcassets in Resources */ = {isa = PBXBuildFile; fileRef = 05EDF5801F44620F00F50D14 /* Assets.xcassets */; };
		05EDF5841F44621000F50D14 /* Main.storyboard in Resources */ = {isa = PBXBuildFile; fileRef = 05EDF5821F44621000F50D14 /* Main.storyboard */; };
/* End PBXBuildFile section */

/* Begin PBXContainerItemProxy section */
		0532AE8E1F4411DD00FDE12A /* PBXContainerItemProxy */ = {
			isa = PBXContainerItemProxy;
			containerPortal = 0587BA381F43A706002A4B05 /* Project object */;
			proxyType = 1;
			remoteGlobalIDString = 0587BA401F43A706002A4B05;
			remoteInfo = KiwiShell;
		};
		05EDF5891F44621D00F50D14 /* PBXContainerItemProxy */ = {
			isa = PBXContainerItemProxy;
			containerPortal = 0587BA381F43A706002A4B05 /* Project object */;
			proxyType = 1;
			remoteGlobalIDString = 0532AE8A1F4411D100FDE12A;
			remoteInfo = Install;
		};
/* End PBXContainerItemProxy section */

/* Begin PBXFileReference section */
		050DDA181F44630D00351110 /* UTRunner.entitlements */ = {isa = PBXFileReference; lastKnownFileType = text.plist.entitlements; name = UTRunner.entitlements; path = ../../OSX/UTRunner.entitlements; sourceTree = "<group>"; };
		0532AE801F43D47900FDE12A /* KSCommandTable.swift */ = {isa = PBXFileReference; fileEncoding = 4; lastKnownFileType = sourcecode.swift; name = KSCommandTable.swift; path = Command/KSCommandTable.swift; sourceTree = "<group>"; };
		0532AE821F43D54400FDE12A /* KSCommand.swift */ = {isa = PBXFileReference; fileEncoding = 4; lastKnownFileType = sourcecode.swift; name = KSCommand.swift; path = Command/KSCommand.swift; sourceTree = "<group>"; };
		0532AE881F43EFAD00FDE12A /* KSLsCommand.swift */ = {isa = PBXFileReference; fileEncoding = 4; lastKnownFileType = sourcecode.swift; name = KSLsCommand.swift; path = Command/KSLsCommand.swift; sourceTree = "<group>"; };
		0587BA411F43A706002A4B05 /* KiwiShell.framework */ = {isa = PBXFileReference; explicitFileType = wrapper.framework; includeInIndex = 0; path = KiwiShell.framework; sourceTree = BUILT_PRODUCTS_DIR; };
		0587BA441F43A706002A4B05 /* KiwiShell.h */ = {isa = PBXFileReference; lastKnownFileType = sourcecode.c.h; path = KiwiShell.h; sourceTree = "<group>"; };
		0587BA451F43A706002A4B05 /* Info.plist */ = {isa = PBXFileReference; lastKnownFileType = text.plist.xml; path = Info.plist; sourceTree = "<group>"; };
		05B9F5AA1F43A887009AEEE7 /* KSShell.swift */ = {isa = PBXFileReference; fileEncoding = 4; lastKnownFileType = sourcecode.swift; path = KSShell.swift; sourceTree = "<group>"; };
		05EDF57A1F44620F00F50D14 /* UTRunner.app */ = {isa = PBXFileReference; explicitFileType = wrapper.application; includeInIndex = 0; path = UTRunner.app; sourceTree = BUILT_PRODUCTS_DIR; };
		05EDF57C1F44620F00F50D14 /* AppDelegate.swift */ = {isa = PBXFileReference; lastKnownFileType = sourcecode.swift; path = AppDelegate.swift; sourceTree = "<group>"; };
		05EDF57E1F44620F00F50D14 /* ViewController.swift */ = {isa = PBXFileReference; lastKnownFileType = sourcecode.swift; path = ViewController.swift; sourceTree = "<group>"; };
		05EDF5801F44620F00F50D14 /* Assets.xcassets */ = {isa = PBXFileReference; lastKnownFileType = folder.assetcatalog; path = Assets.xcassets; sourceTree = "<group>"; };
		05EDF5831F44621000F50D14 /* Base */ = {isa = PBXFileReference; lastKnownFileType = file.storyboard; name = Base; path = Base.lproj/Main.storyboard; sourceTree = "<group>"; };
		05EDF5851F44621000F50D14 /* Info.plist */ = {isa = PBXFileReference; lastKnownFileType = text.plist.xml; path = Info.plist; sourceTree = "<group>"; };
/* End PBXFileReference section */

/* Begin PBXFrameworksBuildPhase section */
		0587BA3D1F43A706002A4B05 /* Frameworks */ = {
			isa = PBXFrameworksBuildPhase;
			buildActionMask = 2147483647;
			files = (
			);
			runOnlyForDeploymentPostprocessing = 0;
		};
		05EDF5771F44620F00F50D14 /* Frameworks */ = {
			isa = PBXFrameworksBuildPhase;
			buildActionMask = 2147483647;
			files = (
			);
			runOnlyForDeploymentPostprocessing = 0;
		};
/* End PBXFrameworksBuildPhase section */

/* Begin PBXGroup section */
		0532AE7F1F43D46500FDE12A /* Command */ = {
			isa = PBXGroup;
			children = (
				0532AE801F43D47900FDE12A /* KSCommandTable.swift */,
				0532AE821F43D54400FDE12A /* KSCommand.swift */,
				0532AE881F43EFAD00FDE12A /* KSLsCommand.swift */,
			);
			name = Command;
			sourceTree = "<group>";
		};
		0587BA371F43A706002A4B05 = {
			isa = PBXGroup;
			children = (
				05B9F5A81F43A74C009AEEE7 /* Source */,
				0587BA431F43A706002A4B05 /* KiwiShell */,
				05EDF58B1F44625400F50D14 /* UnitTest */,
				0587BA421F43A706002A4B05 /* Products */,
			);
			sourceTree = "<group>";
		};
		0587BA421F43A706002A4B05 /* Products */ = {
			isa = PBXGroup;
			children = (
				0587BA411F43A706002A4B05 /* KiwiShell.framework */,
				05EDF57A1F44620F00F50D14 /* UTRunner.app */,
			);
			name = Products;
			sourceTree = "<group>";
		};
		0587BA431F43A706002A4B05 /* KiwiShell */ = {
			isa = PBXGroup;
			children = (
				0587BA451F43A706002A4B05 /* Info.plist */,
			);
			path = KiwiShell;
			sourceTree = "<group>";
		};
		05B9F5A81F43A74C009AEEE7 /* Source */ = {
			isa = PBXGroup;
			children = (
				05B9F5A91F43A834009AEEE7 /* Application */,
				0532AE7F1F43D46500FDE12A /* Command */,
				0587BA441F43A706002A4B05 /* KiwiShell.h */,
			);
			name = Source;
			path = ../Source;
			sourceTree = SOURCE_ROOT;
		};
		05B9F5A91F43A834009AEEE7 /* Application */ = {
			isa = PBXGroup;
			children = (
				05B9F5AA1F43A887009AEEE7 /* KSShell.swift */,
			);
			path = Application;
			sourceTree = "<group>";
		};
		05EDF57B1F44620F00F50D14 /* UTRunner */ = {
			isa = PBXGroup;
			children = (
				050DDA181F44630D00351110 /* UTRunner.entitlements */,
				05EDF57C1F44620F00F50D14 /* AppDelegate.swift */,
				05EDF57E1F44620F00F50D14 /* ViewController.swift */,
				05EDF5801F44620F00F50D14 /* Assets.xcassets */,
				05EDF5821F44621000F50D14 /* Main.storyboard */,
				05EDF5851F44621000F50D14 /* Info.plist */,
			);
			path = UTRunner;
			sourceTree = "<group>";
		};
		05EDF58B1F44625400F50D14 /* UnitTest */ = {
			isa = PBXGroup;
			children = (
				05EDF57B1F44620F00F50D14 /* UTRunner */,
			);
			name = UnitTest;
			path = ../UnitTest;
			sourceTree = SOURCE_ROOT;
		};
/* End PBXGroup section */

/* Begin PBXHeadersBuildPhase section */
		0587BA3E1F43A706002A4B05 /* Headers */ = {
			isa = PBXHeadersBuildPhase;
			buildActionMask = 2147483647;
			files = (
				0587BA461F43A706002A4B05 /* KiwiShell.h in Headers */,
			);
			runOnlyForDeploymentPostprocessing = 0;
		};
/* End PBXHeadersBuildPhase section */

/* Begin PBXLegacyTarget section */
		0532AE8A1F4411D100FDE12A /* Install */ = {
			isa = PBXLegacyTarget;
			buildArgumentsString = "-f ../../Script/install_osx.mk";
			buildConfigurationList = 0532AE8B1F4411D100FDE12A /* Build configuration list for PBXLegacyTarget "Install" */;
			buildPhases = (
			);
			buildToolPath = /usr/bin/make;
			buildWorkingDirectory = "";
			dependencies = (
				0532AE8F1F4411DD00FDE12A /* PBXTargetDependency */,
			);
			name = Install;
			passBuildSettingsInEnvironment = 1;
			productName = Install;
		};
/* End PBXLegacyTarget section */

/* Begin PBXNativeTarget section */
		0587BA401F43A706002A4B05 /* KiwiShell */ = {
			isa = PBXNativeTarget;
			buildConfigurationList = 0587BA491F43A706002A4B05 /* Build configuration list for PBXNativeTarget "KiwiShell" */;
			buildPhases = (
				0587BA3C1F43A706002A4B05 /* Sources */,
				0587BA3D1F43A706002A4B05 /* Frameworks */,
				0587BA3E1F43A706002A4B05 /* Headers */,
				0587BA3F1F43A706002A4B05 /* Resources */,
			);
			buildRules = (
			);
			dependencies = (
			);
			name = KiwiShell;
			productName = KiwiShell;
			productReference = 0587BA411F43A706002A4B05 /* KiwiShell.framework */;
			productType = "com.apple.product-type.framework";
		};
		05EDF5791F44620F00F50D14 /* UTRunner */ = {
			isa = PBXNativeTarget;
			buildConfigurationList = 05EDF5861F44621000F50D14 /* Build configuration list for PBXNativeTarget "UTRunner" */;
			buildPhases = (
				05EDF5761F44620F00F50D14 /* Sources */,
				05EDF5771F44620F00F50D14 /* Frameworks */,
				05EDF5781F44620F00F50D14 /* Resources */,
			);
			buildRules = (
			);
			dependencies = (
				05EDF58A1F44621D00F50D14 /* PBXTargetDependency */,
			);
			name = UTRunner;
			productName = UTRunner;
			productReference = 05EDF57A1F44620F00F50D14 /* UTRunner.app */;
			productType = "com.apple.product-type.application";
		};
/* End PBXNativeTarget section */

/* Begin PBXProject section */
		0587BA381F43A706002A4B05 /* Project object */ = {
			isa = PBXProject;
			attributes = {
				LastSwiftUpdateCheck = 0830;
				LastUpgradeCheck = 0830;
				ORGANIZATIONNAME = "Steel Wheels Project";
				TargetAttributes = {
					0532AE8A1F4411D100FDE12A = {
						CreatedOnToolsVersion = 8.3.3;
						DevelopmentTeam = TR2DNF3P93;
						ProvisioningStyle = Automatic;
					};
					0587BA401F43A706002A4B05 = {
						CreatedOnToolsVersion = 8.3.3;
						DevelopmentTeam = TR2DNF3P93;
						LastSwiftMigration = 0830;
						ProvisioningStyle = Automatic;
					};
					05EDF5791F44620F00F50D14 = {
						CreatedOnToolsVersion = 8.3.3;
						DevelopmentTeam = TR2DNF3P93;
						ProvisioningStyle = Automatic;
						SystemCapabilities = {
							com.apple.Sandbox = {
								enabled = 1;
							};
						};
					};
				};
			};
			buildConfigurationList = 0587BA3B1F43A706002A4B05 /* Build configuration list for PBXProject "KiwiShell" */;
			compatibilityVersion = "Xcode 3.2";
			developmentRegion = English;
			hasScannedForEncodings = 0;
			knownRegions = (
				en,
				Base,
			);
			mainGroup = 0587BA371F43A706002A4B05;
			productRefGroup = 0587BA421F43A706002A4B05 /* Products */;
			projectDirPath = "";
			projectRoot = "";
			targets = (
				0587BA401F43A706002A4B05 /* KiwiShell */,
				0532AE8A1F4411D100FDE12A /* Install */,
				05EDF5791F44620F00F50D14 /* UTRunner */,
			);
		};
/* End PBXProject section */

/* Begin PBXResourcesBuildPhase section */
		0587BA3F1F43A706002A4B05 /* Resources */ = {
			isa = PBXResourcesBuildPhase;
			buildActionMask = 2147483647;
			files = (
			);
			runOnlyForDeploymentPostprocessing = 0;
		};
		05EDF5781F44620F00F50D14 /* Resources */ = {
			isa = PBXResourcesBuildPhase;
			buildActionMask = 2147483647;
			files = (
				05EDF5811F44620F00F50D14 /* Assets.xcassets in Resources */,
				05EDF5841F44621000F50D14 /* Main.storyboard in Resources */,
			);
			runOnlyForDeploymentPostprocessing = 0;
		};
/* End PBXResourcesBuildPhase section */

/* Begin PBXSourcesBuildPhase section */
		0587BA3C1F43A706002A4B05 /* Sources */ = {
			isa = PBXSourcesBuildPhase;
			buildActionMask = 2147483647;
			files = (
				0532AE811F43D47900FDE12A /* KSCommandTable.swift in Sources */,
				05B9F5AB1F43A887009AEEE7 /* KSShell.swift in Sources */,
				0532AE831F43D54400FDE12A /* KSCommand.swift in Sources */,
				0532AE891F43EFAD00FDE12A /* KSLsCommand.swift in Sources */,
			);
			runOnlyForDeploymentPostprocessing = 0;
		};
		05EDF5761F44620F00F50D14 /* Sources */ = {
			isa = PBXSourcesBuildPhase;
			buildActionMask = 2147483647;
			files = (
				05EDF57F1F44620F00F50D14 /* ViewController.swift in Sources */,
				05EDF57D1F44620F00F50D14 /* AppDelegate.swift in Sources */,
			);
			runOnlyForDeploymentPostprocessing = 0;
		};
/* End PBXSourcesBuildPhase section */

/* Begin PBXTargetDependency section */
		0532AE8F1F4411DD00FDE12A /* PBXTargetDependency */ = {
			isa = PBXTargetDependency;
			target = 0587BA401F43A706002A4B05 /* KiwiShell */;
			targetProxy = 0532AE8E1F4411DD00FDE12A /* PBXContainerItemProxy */;
		};
		05EDF58A1F44621D00F50D14 /* PBXTargetDependency */ = {
			isa = PBXTargetDependency;
			target = 0532AE8A1F4411D100FDE12A /* Install */;
			targetProxy = 05EDF5891F44621D00F50D14 /* PBXContainerItemProxy */;
		};
/* End PBXTargetDependency section */

/* Begin PBXVariantGroup section */
		05EDF5821F44621000F50D14 /* Main.storyboard */ = {
			isa = PBXVariantGroup;
			children = (
				05EDF5831F44621000F50D14 /* Base */,
			);
			name = Main.storyboard;
			sourceTree = "<group>";
		};
/* End PBXVariantGroup section */

/* Begin XCBuildConfiguration section */
		0532AE8C1F4411D100FDE12A /* Debug */ = {
			isa = XCBuildConfiguration;
			buildSettings = {
				DEBUGGING_SYMBOLS = YES;
				DEBUG_INFORMATION_FORMAT = dwarf;
				DEVELOPMENT_TEAM = TR2DNF3P93;
				GCC_GENERATE_DEBUGGING_SYMBOLS = YES;
				GCC_OPTIMIZATION_LEVEL = 0;
				OTHER_CFLAGS = "";
				OTHER_LDFLAGS = "";
				PRODUCT_NAME = "$(TARGET_NAME)";
			};
			name = Debug;
		};
		0532AE8D1F4411D100FDE12A /* Release */ = {
			isa = XCBuildConfiguration;
			buildSettings = {
				DEBUG_INFORMATION_FORMAT = "dwarf-with-dsym";
				DEVELOPMENT_TEAM = TR2DNF3P93;
				OTHER_CFLAGS = "";
				OTHER_LDFLAGS = "";
				PRODUCT_NAME = "$(TARGET_NAME)";
			};
			name = Release;
		};
		0587BA471F43A706002A4B05 /* Debug */ = {
			isa = XCBuildConfiguration;
			buildSettings = {
				ALWAYS_SEARCH_USER_PATHS = NO;
				CLANG_ANALYZER_NONNULL = YES;
				CLANG_ANALYZER_NUMBER_OBJECT_CONVERSION = YES_AGGRESSIVE;
				CLANG_CXX_LANGUAGE_STANDARD = "gnu++0x";
				CLANG_CXX_LIBRARY = "libc++";
				CLANG_ENABLE_MODULES = YES;
				CLANG_ENABLE_OBJC_ARC = YES;
				CLANG_WARN_BOOL_CONVERSION = YES;
				CLANG_WARN_CONSTANT_CONVERSION = YES;
				CLANG_WARN_DIRECT_OBJC_ISA_USAGE = YES_ERROR;
				CLANG_WARN_DOCUMENTATION_COMMENTS = YES;
				CLANG_WARN_EMPTY_BODY = YES;
				CLANG_WARN_ENUM_CONVERSION = YES;
				CLANG_WARN_INFINITE_RECURSION = YES;
				CLANG_WARN_INT_CONVERSION = YES;
				CLANG_WARN_OBJC_ROOT_CLASS = YES_ERROR;
				CLANG_WARN_SUSPICIOUS_MOVE = YES;
				CLANG_WARN_UNREACHABLE_CODE = YES;
				CLANG_WARN__DUPLICATE_METHOD_MATCH = YES;
				CODE_SIGN_IDENTITY = "-";
				COPY_PHASE_STRIP = NO;
				CURRENT_PROJECT_VERSION = 1;
				DEBUG_INFORMATION_FORMAT = dwarf;
				ENABLE_STRICT_OBJC_MSGSEND = YES;
				ENABLE_TESTABILITY = YES;
				GCC_C_LANGUAGE_STANDARD = gnu99;
				GCC_DYNAMIC_NO_PIC = NO;
				GCC_NO_COMMON_BLOCKS = YES;
				GCC_OPTIMIZATION_LEVEL = 0;
				GCC_PREPROCESSOR_DEFINITIONS = (
					"DEBUG=1",
					"$(inherited)",
				);
				GCC_WARN_64_TO_32_BIT_CONVERSION = YES;
				GCC_WARN_ABOUT_RETURN_TYPE = YES_ERROR;
				GCC_WARN_UNDECLARED_SELECTOR = YES;
				GCC_WARN_UNINITIALIZED_AUTOS = YES_AGGRESSIVE;
				GCC_WARN_UNUSED_FUNCTION = YES;
				GCC_WARN_UNUSED_VARIABLE = YES;
				MACOSX_DEPLOYMENT_TARGET = 10.12;
				MTL_ENABLE_DEBUG_INFO = YES;
				ONLY_ACTIVE_ARCH = YES;
				SDKROOT = macosx;
				SWIFT_ACTIVE_COMPILATION_CONDITIONS = DEBUG;
				SWIFT_OPTIMIZATION_LEVEL = "-Onone";
				VERSIONING_SYSTEM = "apple-generic";
				VERSION_INFO_PREFIX = "";
			};
			name = Debug;
		};
		0587BA481F43A706002A4B05 /* Release */ = {
			isa = XCBuildConfiguration;
			buildSettings = {
				ALWAYS_SEARCH_USER_PATHS = NO;
				CLANG_ANALYZER_NONNULL = YES;
				CLANG_ANALYZER_NUMBER_OBJECT_CONVERSION = YES_AGGRESSIVE;
				CLANG_CXX_LANGUAGE_STANDARD = "gnu++0x";
				CLANG_CXX_LIBRARY = "libc++";
				CLANG_ENABLE_MODULES = YES;
				CLANG_ENABLE_OBJC_ARC = YES;
				CLANG_WARN_BOOL_CONVERSION = YES;
				CLANG_WARN_CONSTANT_CONVERSION = YES;
				CLANG_WARN_DIRECT_OBJC_ISA_USAGE = YES_ERROR;
				CLANG_WARN_DOCUMENTATION_COMMENTS = YES;
				CLANG_WARN_EMPTY_BODY = YES;
				CLANG_WARN_ENUM_CONVERSION = YES;
				CLANG_WARN_INFINITE_RECURSION = YES;
				CLANG_WARN_INT_CONVERSION = YES;
				CLANG_WARN_OBJC_ROOT_CLASS = YES_ERROR;
				CLANG_WARN_SUSPICIOUS_MOVE = YES;
				CLANG_WARN_UNREACHABLE_CODE = YES;
				CLANG_WARN__DUPLICATE_METHOD_MATCH = YES;
				CODE_SIGN_IDENTITY = "-";
				COPY_PHASE_STRIP = NO;
				CURRENT_PROJECT_VERSION = 1;
				DEBUG_INFORMATION_FORMAT = "dwarf-with-dsym";
				ENABLE_NS_ASSERTIONS = NO;
				ENABLE_STRICT_OBJC_MSGSEND = YES;
				GCC_C_LANGUAGE_STANDARD = gnu99;
				GCC_NO_COMMON_BLOCKS = YES;
				GCC_WARN_64_TO_32_BIT_CONVERSION = YES;
				GCC_WARN_ABOUT_RETURN_TYPE = YES_ERROR;
				GCC_WARN_UNDECLARED_SELECTOR = YES;
				GCC_WARN_UNINITIALIZED_AUTOS = YES_AGGRESSIVE;
				GCC_WARN_UNUSED_FUNCTION = YES;
				GCC_WARN_UNUSED_VARIABLE = YES;
				MACOSX_DEPLOYMENT_TARGET = 10.12;
				MTL_ENABLE_DEBUG_INFO = NO;
				SDKROOT = macosx;
				SWIFT_OPTIMIZATION_LEVEL = "-Owholemodule";
				VERSIONING_SYSTEM = "apple-generic";
				VERSION_INFO_PREFIX = "";
			};
			name = Release;
		};
		0587BA4A1F43A706002A4B05 /* Debug */ = {
			isa = XCBuildConfiguration;
			buildSettings = {
				CLANG_ENABLE_MODULES = YES;
				CODE_SIGN_IDENTITY = "";
				COMBINE_HIDPI_IMAGES = YES;
				DEFINES_MODULE = YES;
				DEVELOPMENT_TEAM = TR2DNF3P93;
				DYLIB_COMPATIBILITY_VERSION = 1;
				DYLIB_CURRENT_VERSION = 1;
				DYLIB_INSTALL_NAME_BASE = "@rpath";
				FRAMEWORK_SEARCH_PATHS = (
					"$(inherited)",
					"$(PROJECT_DIR)",
					"$(USER_LIBRARY_DIR)/Frameworks",
				);
				FRAMEWORK_VERSION = A;
				GCC_OPTIMIZATION_LEVEL = 2;
				INFOPLIST_FILE = Info.plist;
				INSTALL_PATH = "$(USER_LIBRARY_DIR)/Frameworks";
				LD_RUNPATH_SEARCH_PATHS = "$(inherited) @executable_path/../Frameworks @loader_path/Frameworks $(USER_LIBRARY_DIR)/Frameworks";
				PRODUCT_BUNDLE_IDENTIFIER = "steel-wheels-project.KiwiShell";
				PRODUCT_NAME = "$(TARGET_NAME)";
				SKIP_INSTALL = NO;
				SWIFT_OPTIMIZATION_LEVEL = "-Owholemodule";
				SWIFT_VERSION = 3.0;
			};
			name = Debug;
		};
		0587BA4B1F43A706002A4B05 /* Release */ = {
			isa = XCBuildConfiguration;
			buildSettings = {
				CLANG_ENABLE_MODULES = YES;
				CODE_SIGN_IDENTITY = "";
				COMBINE_HIDPI_IMAGES = YES;
				DEFINES_MODULE = YES;
				DEVELOPMENT_TEAM = TR2DNF3P93;
				DYLIB_COMPATIBILITY_VERSION = 1;
				DYLIB_CURRENT_VERSION = 1;
				DYLIB_INSTALL_NAME_BASE = "@rpath";
				FRAMEWORK_SEARCH_PATHS = (
					"$(inherited)",
					"$(PROJECT_DIR)",
					"$(USER_LIBRARY_DIR)/Frameworks",
				);
				FRAMEWORK_VERSION = A;
				GCC_OPTIMIZATION_LEVEL = 2;
				INFOPLIST_FILE = Info.plist;
				INSTALL_PATH = "$(USER_LIBRARY_DIR)/Frameworks";
				LD_RUNPATH_SEARCH_PATHS = "$(inherited) @executable_path/../Frameworks @loader_path/Frameworks $(USER_LIBRARY_DIR)/Frameworks";
				PRODUCT_BUNDLE_IDENTIFIER = "steel-wheels-project.KiwiShell";
				PRODUCT_NAME = "$(TARGET_NAME)";
				SKIP_INSTALL = NO;
				SWIFT_OPTIMIZATION_LEVEL = "-Owholemodule";
				SWIFT_VERSION = 3.0;
			};
			name = Release;
		};
		05EDF5871F44621000F50D14 /* Debug */ = {
			isa = XCBuildConfiguration;
			buildSettings = {
				ASSETCATALOG_COMPILER_APPICON_NAME = AppIcon;
				CODE_SIGN_ENTITLEMENTS = ../UnitTest/UTRunner/UTRunner.entitlements;
				COMBINE_HIDPI_IMAGES = YES;
				DEVELOPMENT_TEAM = TR2DNF3P93;
				FRAMEWORK_SEARCH_PATHS = "$(USER_LIBRARY_DIR)/Frameworks";
				INFOPLIST_FILE = ../UnitTest/UTRunner/Info.plist;
				LD_RUNPATH_SEARCH_PATHS = "$(inherited) @executable_path/../Frameworks $(USER_LIBRARY_FRAMEWORKS)/Frameworks";
				PRODUCT_BUNDLE_IDENTIFIER = "steel-wheels-project.UTRunner";
				PRODUCT_NAME = "$(TARGET_NAME)";
				SWIFT_VERSION = 3.0;
			};
			name = Debug;
		};
		05EDF5881F44621000F50D14 /* Release */ = {
			isa = XCBuildConfiguration;
			buildSettings = {
				ASSETCATALOG_COMPILER_APPICON_NAME = AppIcon;
				CODE_SIGN_ENTITLEMENTS = ../UnitTest/UTRunner/UTRunner.entitlements;
				COMBINE_HIDPI_IMAGES = YES;
				DEVELOPMENT_TEAM = TR2DNF3P93;
				FRAMEWORK_SEARCH_PATHS = "$(USER_LIBRARY_DIR)/Frameworks";
				INFOPLIST_FILE = ../UnitTest/UTRunner/Info.plist;
				LD_RUNPATH_SEARCH_PATHS = "$(inherited) @executable_path/../Frameworks $(USER_LIBRARY_FRAMEWORKS)/Frameworks";
				PRODUCT_BUNDLE_IDENTIFIER = "steel-wheels-project.UTRunner";
				PRODUCT_NAME = "$(TARGET_NAME)";
				SWIFT_VERSION = 3.0;
			};
			name = Release;
		};
/* End XCBuildConfiguration section */

/* Begin XCConfigurationList section */
		0532AE8B1F4411D100FDE12A /* Build configuration list for PBXLegacyTarget "Install" */ = {
			isa = XCConfigurationList;
			buildConfigurations = (
				0532AE8C1F4411D100FDE12A /* Debug */,
				0532AE8D1F4411D100FDE12A /* Release */,
			);
			defaultConfigurationIsVisible = 0;
			defaultConfigurationName = Release;
		};
		0587BA3B1F43A706002A4B05 /* Build configuration list for PBXProject "KiwiShell" */ = {
			isa = XCConfigurationList;
			buildConfigurations = (
				0587BA471F43A706002A4B05 /* Debug */,
				0587BA481F43A706002A4B05 /* Release */,
			);
			defaultConfigurationIsVisible = 0;
			defaultConfigurationName = Release;
		};
		0587BA491F43A706002A4B05 /* Build configuration list for PBXNativeTarget "KiwiShell" */ = {
			isa = XCConfigurationList;
			buildConfigurations = (
				0587BA4A1F43A706002A4B05 /* Debug */,
				0587BA4B1F43A706002A4B05 /* Release */,
			);
			defaultConfigurationIsVisible = 0;
			defaultConfigurationName = Release;
		};
		05EDF5861F44621000F50D14 /* Build configuration list for PBXNativeTarget "UTRunner" */ = {
			isa = XCConfigurationList;
			buildConfigurations = (
				05EDF5871F44621000F50D14 /* Debug */,
				05EDF5881F44621000F50D14 /* Release */,
			);
			defaultConfigurationIsVisible = 0;
			defaultConfigurationName = Release;
		};
/* End XCConfigurationList section */
	};
	rootObject = 0587BA381F43A706002A4B05 /* Project object */;
}
